// !$*UTF8*$!
{
	archiveVersion = 1;
	classes = {
	};
	objectVersion = 50;
	objects = {

/* Begin PBXBuildFile section */
		AAE37C7623A1566C00BB93C2 /* AppDelegate.swift in Sources */ = {isa = PBXBuildFile; fileRef = AAE37C7523A1566C00BB93C2 /* AppDelegate.swift */; };
		AAE37C7823A1566C00BB93C2 /* SceneDelegate.swift in Sources */ = {isa = PBXBuildFile; fileRef = AAE37C7723A1566C00BB93C2 /* SceneDelegate.swift */; };
		AAE37C7A23A1566C00BB93C2 /* ContentView.swift in Sources */ = {isa = PBXBuildFile; fileRef = AAE37C7923A1566C00BB93C2 /* ContentView.swift */; };
		AAE37C7C23A1566D00BB93C2 /* Assets.xcassets in Resources */ = {isa = PBXBuildFile; fileRef = AAE37C7B23A1566D00BB93C2 /* Assets.xcassets */; };
		AAE37C7F23A1566D00BB93C2 /* Preview Assets.xcassets in Resources */ = {isa = PBXBuildFile; fileRef = AAE37C7E23A1566D00BB93C2 /* Preview Assets.xcassets */; };
		AAE37C8223A1566D00BB93C2 /* LaunchScreen.storyboard in Resources */ = {isa = PBXBuildFile; fileRef = AAE37C8023A1566D00BB93C2 /* LaunchScreen.storyboard */; };
		AAE37C8C23A1577E00BB93C2 /* EditView.swift in Sources */ = {isa = PBXBuildFile; fileRef = AAE37C8B23A1577E00BB93C2 /* EditView.swift */; };
		AAE37C8E23A157AA00BB93C2 /* DisplayView.swift in Sources */ = {isa = PBXBuildFile; fileRef = AAE37C8D23A157AA00BB93C2 /* DisplayView.swift */; };
		AAE37C8F23A1581E00BB93C2 /* User.swift in Sources */ = {isa = PBXBuildFile; fileRef = AAE37C8923A1575800BB93C2 /* User.swift */; };
/* End PBXBuildFile section */

/* Begin PBXFileReference section */
		AAE37C7223A1566C00BB93C2 /* HotProspects.app */ = {isa = PBXFileReference; explicitFileType = wrapper.application; includeInIndex = 0; path = HotProspects.app; sourceTree = BUILT_PRODUCTS_DIR; };
		AAE37C7523A1566C00BB93C2 /* AppDelegate.swift */ = {isa = PBXFileReference; lastKnownFileType = sourcecode.swift; path = AppDelegate.swift; sourceTree = "<group>"; };
		AAE37C7723A1566C00BB93C2 /* SceneDelegate.swift */ = {isa = PBXFileReference; lastKnownFileType = sourcecode.swift; path = SceneDelegate.swift; sourceTree = "<group>"; };
		AAE37C7923A1566C00BB93C2 /* ContentView.swift */ = {isa = PBXFileReference; lastKnownFileType = sourcecode.swift; path = ContentView.swift; sourceTree = "<group>"; };
		AAE37C7B23A1566D00BB93C2 /* Assets.xcassets */ = {isa = PBXFileReference; lastKnownFileType = folder.assetcatalog; path = Assets.xcassets; sourceTree = "<group>"; };
		AAE37C7E23A1566D00BB93C2 /* Preview Assets.xcassets */ = {isa = PBXFileReference; lastKnownFileType = folder.assetcatalog; path = "Preview Assets.xcassets"; sourceTree = "<group>"; };
		AAE37C8123A1566D00BB93C2 /* Base */ = {isa = PBXFileReference; lastKnownFileType = file.storyboard; name = Base; path = Base.lproj/LaunchScreen.storyboard; sourceTree = "<group>"; };
		AAE37C8323A1566D00BB93C2 /* Info.plist */ = {isa = PBXFileReference; lastKnownFileType = text.plist.xml; path = Info.plist; sourceTree = "<group>"; };
		AAE37C8923A1575800BB93C2 /* User.swift */ = {isa = PBXFileReference; lastKnownFileType = sourcecode.swift; path = User.swift; sourceTree = "<group>"; };
		AAE37C8B23A1577E00BB93C2 /* EditView.swift */ = {isa = PBXFileReference; lastKnownFileType = sourcecode.swift; path = EditView.swift; sourceTree = "<group>"; };
		AAE37C8D23A157AA00BB93C2 /* DisplayView.swift */ = {isa = PBXFileReference; lastKnownFileType = sourcecode.swift; path = DisplayView.swift; sourceTree = "<group>"; };
/* End PBXFileReference section */

/* Begin PBXFrameworksBuildPhase section */
		AAE37C6F23A1566C00BB93C2 /* Frameworks */ = {
			isa = PBXFrameworksBuildPhase;
			buildActionMask = 2147483647;
			files = (
			);
			runOnlyForDeploymentPostprocessing = 0;
		};
/* End PBXFrameworksBuildPhase section */

/* Begin PBXGroup section */
		AAE37C6923A1566C00BB93C2 = {
			isa = PBXGroup;
			children = (
				AAE37C7423A1566C00BB93C2 /* HotProspects */,
				AAE37C7323A1566C00BB93C2 /* Products */,
			);
			sourceTree = "<group>";
		};
		AAE37C7323A1566C00BB93C2 /* Products */ = {
			isa = PBXGroup;
			children = (
				AAE37C7223A1566C00BB93C2 /* HotProspects.app */,
			);
			name = Products;
			sourceTree = "<group>";
		};
		AAE37C7423A1566C00BB93C2 /* HotProspects */ = {
			isa = PBXGroup;
			children = (
				AAE37C7523A1566C00BB93C2 /* AppDelegate.swift */,
				AAE37C7723A1566C00BB93C2 /* SceneDelegate.swift */,
				AAE37C7923A1566C00BB93C2 /* ContentView.swift */,
				AAE37C8923A1575800BB93C2 /* User.swift */,
				AAE37C8B23A1577E00BB93C2 /* EditView.swift */,
				AAE37C8D23A157AA00BB93C2 /* DisplayView.swift */,
				AAE37C7B23A1566D00BB93C2 /* Assets.xcassets */,
				AAE37C8023A1566D00BB93C2 /* LaunchScreen.storyboard */,
				AAE37C8323A1566D00BB93C2 /* Info.plist */,
				AAE37C7D23A1566D00BB93C2 /* Preview Content */,
			);
			path = HotProspects;
			sourceTree = "<group>";
		};
		AAE37C7D23A1566D00BB93C2 /* Preview Content */ = {
			isa = PBXGroup;
			children = (
				AAE37C7E23A1566D00BB93C2 /* Preview Assets.xcassets */,
			);
			path = "Preview Content";
			sourceTree = "<group>";
		};
/* End PBXGroup section */

/* Begin PBXNativeTarget section */
		AAE37C7123A1566C00BB93C2 /* HotProspects */ = {
			isa = PBXNativeTarget;
			buildConfigurationList = AAE37C8623A1566D00BB93C2 /* Build configuration list for PBXNativeTarget "HotProspects" */;
			buildPhases = (
				AAE37C6E23A1566C00BB93C2 /* Sources */,
				AAE37C6F23A1566C00BB93C2 /* Frameworks */,
				AAE37C7023A1566C00BB93C2 /* Resources */,
			);
			buildRules = (
			);
			dependencies = (
			);
			name = HotProspects;
			productName = HotProspects;
			productReference = AAE37C7223A1566C00BB93C2 /* HotProspects.app */;
			productType = "com.apple.product-type.application";
		};
/* End PBXNativeTarget section */

/* Begin PBXProject section */
		AAE37C6A23A1566C00BB93C2 /* Project object */ = {
			isa = PBXProject;
			attributes = {
				LastSwiftUpdateCheck = 1130;
				LastUpgradeCheck = 1130;
				ORGANIZATIONNAME = Mitteldorf;
				TargetAttributes = {
					AAE37C7123A1566C00BB93C2 = {
						CreatedOnToolsVersion = 11.3;
					};
				};
			};
			buildConfigurationList = AAE37C6D23A1566C00BB93C2 /* Build configuration list for PBXProject "HotProspects" */;
			compatibilityVersion = "Xcode 9.3";
			developmentRegion = en;
			hasScannedForEncodings = 0;
			knownRegions = (
				en,
				Base,
			);
			mainGroup = AAE37C6923A1566C00BB93C2;
			productRefGroup = AAE37C7323A1566C00BB93C2 /* Products */;
			projectDirPath = "";
			projectRoot = "";
			targets = (
				AAE37C7123A1566C00BB93C2 /* HotProspects */,
			);
		};
/* End PBXProject section */

/* Begin PBXResourcesBuildPhase section */
		AAE37C7023A1566C00BB93C2 /* Resources */ = {
			isa = PBXResourcesBuildPhase;
			buildActionMask = 2147483647;
			files = (
				AAE37C8223A1566D00BB93C2 /* LaunchScreen.storyboard in Resources */,
				AAE37C7F23A1566D00BB93C2 /* Preview Assets.xcassets in Resources */,
				AAE37C7C23A1566D00BB93C2 /* Assets.xcassets in Resources */,
			);
			runOnlyForDeploymentPostprocessing = 0;
		};
/* End PBXResourcesBuildPhase section */

/* Begin PBXSourcesBuildPhase section */
		AAE37C6E23A1566C00BB93C2 /* Sources */ = {
			isa = PBXSourcesBuildPhase;
			buildActionMask = 2147483647;
			files = (
				AAE37C8C23A1577E00BB93C2 /* EditView.swift in Sources */,
				AAE37C7623A1566C00BB93C2 /* AppDelegate.swift in Sources */,
				AAE37C8F23A1581E00BB93C2 /* User.swift in Sources */,
				AAE37C8E23A157AA00BB93C2 /* DisplayView.swift in Sources */,
				AAE37C7823A1566C00BB93C2 /* SceneDelegate.swift in Sources */,
				AAE37C7A23A1566C00BB93C2 /* ContentView.swift in Sources */,
			);
			runOnlyForDeploymentPostprocessing = 0;
		};
/* End PBXSourcesBuildPhase section */

/* Begin PBXVariantGroup section */
		AAE37C8023A1566D00BB93C2 /* LaunchScreen.storyboard */ = {
			isa = PBXVariantGroup;
			children = (
				AAE37C8123A1566D00BB93C2 /* Base */,
			);
			name = LaunchScreen.storyboard;
			sourceTree = "<group>";
		};
/* End PBXVariantGroup section */

/* Begin XCBuildConfiguration section */
		AAE37C8423A1566D00BB93C2 /* Debug */ = {
			isa = XCBuildConfiguration;
			buildSettings = {
				ALWAYS_SEARCH_USER_PATHS = NO;
				CLANG_ANALYZER_NONNULL = YES;
				CLANG_ANALYZER_NUMBER_OBJECT_CONVERSION = YES_AGGRESSIVE;
				CLANG_CXX_LANGUAGE_STANDARD = "gnu++14";
				CLANG_CXX_LIBRARY = "libc++";
				CLANG_ENABLE_MODULES = YES;
				CLANG_ENABLE_OBJC_ARC = YES;
				CLANG_ENABLE_OBJC_WEAK = YES;
				CLANG_WARN_BLOCK_CAPTURE_AUTORELEASING = YES;
				CLANG_WARN_BOOL_CONVERSION = YES;
				CLANG_WARN_COMMA = YES;
				CLANG_WARN_CONSTANT_CONVERSION = YES;
				CLANG_WARN_DEPRECATED_OBJC_IMPLEMENTATIONS = YES;
				CLANG_WARN_DIRECT_OBJC_ISA_USAGE = YES_ERROR;
				CLANG_WARN_DOCUMENTATION_COMMENTS = YES;
				CLANG_WARN_EMPTY_BODY = YES;
				CLANG_WARN_ENUM_CONVERSION = YES;
				CLANG_WARN_INFINITE_RECURSION = YES;
				CLANG_WARN_INT_CONVERSION = YES;
				CLANG_WARN_NON_LITERAL_NULL_CONVERSION = YES;
				CLANG_WARN_OBJC_IMPLICIT_RETAIN_SELF = YES;
				CLANG_WARN_OBJC_LITERAL_CONVERSION = YES;
				CLANG_WARN_OBJC_ROOT_CLASS = YES_ERROR;
				CLANG_WARN_RANGE_LOOP_ANALYSIS = YES;
				CLANG_WARN_STRICT_PROTOTYPES = YES;
				CLANG_WARN_SUSPICIOUS_MOVE = YES;
				CLANG_WARN_UNGUARDED_AVAILABILITY = YES_AGGRESSIVE;
				CLANG_WARN_UNREACHABLE_CODE = YES;
				CLANG_WARN__DUPLICATE_METHOD_MATCH = YES;
				COPY_PHASE_STRIP = NO;
				DEBUG_INFORMATION_FORMAT = dwarf;
				ENABLE_STRICT_OBJC_MSGSEND = YES;
				ENABLE_TESTABILITY = YES;
				GCC_C_LANGUAGE_STANDARD = gnu11;
				GCC_DYNAMIC_NO_PIC = NO;
				GCC_NO_COMMON_BLOCKS = YES;
				GCC_OPTIMIZATION_LEVEL = 0;
				GCC_PREPROCESSOR_DEFINITIONS = (
					"DEBUG=1",
					"$(inherited)",
				);
				GCC_WARN_64_TO_32_BIT_CONVERSION = YES;
				GCC_WARN_ABOUT_RETURN_TYPE = YES_ERROR;
				GCC_WARN_UNDECLARED_SELECTOR = YES;
				GCC_WARN_UNINITIALIZED_AUTOS = YES_AGGRESSIVE;
				GCC_WARN_UNUSED_FUNCTION = YES;
				GCC_WARN_UNUSED_VARIABLE = YES;
				IPHONEOS_DEPLOYMENT_TARGET = 13.2;
				MTL_ENABLE_DEBUG_INFO = INCLUDE_SOURCE;
				MTL_FAST_MATH = YES;
				ONLY_ACTIVE_ARCH = YES;
				SDKROOT = iphoneos;
				SWIFT_ACTIVE_COMPILATION_CONDITIONS = DEBUG;
				SWIFT_OPTIMIZATION_LEVEL = "-Onone";
			};
			name = Debug;
		};
		AAE37C8523A1566D00BB93C2 /* Release */ = {
			isa = XCBuildConfiguration;
			buildSettings = {
				ALWAYS_SEARCH_USER_PATHS = NO;
				CLANG_ANALYZER_NONNULL = YES;
				CLANG_ANALYZER_NUMBER_OBJECT_CONVERSION = YES_AGGRESSIVE;
				CLANG_CXX_LANGUAGE_STANDARD = "gnu++14";
				CLANG_CXX_LIBRARY = "libc++";
				CLANG_ENABLE_MODULES = YES;
				CLANG_ENABLE_OBJC_ARC = YES;
				CLANG_ENABLE_OBJC_WEAK = YES;
				CLANG_WARN_BLOCK_CAPTURE_AUTORELEASING = YES;
				CLANG_WARN_BOOL_CONVERSION = YES;
				CLANG_WARN_COMMA = YES;
				CLANG_WARN_CONSTANT_CONVERSION = YES;
				CLANG_WARN_DEPRECATED_OBJC_IMPLEMENTATIONS = YES;
				CLANG_WARN_DIRECT_OBJC_ISA_USAGE = YES_ERROR;
				CLANG_WARN_DOCUMENTATION_COMMENTS = YES;
				CLANG_WARN_EMPTY_BODY = YES;
				CLANG_WARN_ENUM_CONVERSION = YES;
				CLANG_WARN_INFINITE_RECURSION = YES;
				CLANG_WARN_INT_CONVERSION = YES;
				CLANG_WARN_NON_LITERAL_NULL_CONVERSION = YES;
				CLANG_WARN_OBJC_IMPLICIT_RETAIN_SELF = YES;
				CLANG_WARN_OBJC_LITERAL_CONVERSION = YES;
				CLANG_WARN_OBJC_ROOT_CLASS = YES_ERROR;
				CLANG_WARN_RANGE_LOOP_ANALYSIS = YES;
				CLANG_WARN_STRICT_PROTOTYPES = YES;
				CLANG_WARN_SUSPICIOUS_MOVE = YES;
				CLANG_WARN_UNGUARDED_AVAILABILITY = YES_AGGRESSIVE;
				CLANG_WARN_UNREACHABLE_CODE = YES;
				CLANG_WARN__DUPLICATE_METHOD_MATCH = YES;
				COPY_PHASE_STRIP = NO;
				DEBUG_INFORMATION_FORMAT = "dwarf-with-dsym";
				ENABLE_NS_ASSERTIONS = NO;
				ENABLE_STRICT_OBJC_MSGSEND = YES;
				GCC_C_LANGUAGE_STANDARD = gnu11;
				GCC_NO_COMMON_BLOCKS = YES;
				GCC_WARN_64_TO_32_BIT_CONVERSION = YES;
				GCC_WARN_ABOUT_RETURN_TYPE = YES_ERROR;
				GCC_WARN_UNDECLARED_SELECTOR = YES;
				GCC_WARN_UNINITIALIZED_AUTOS = YES_AGGRESSIVE;
				GCC_WARN_UNUSED_FUNCTION = YES;
				GCC_WARN_UNUSED_VARIABLE = YES;
				IPHONEOS_DEPLOYMENT_TARGET = 13.2;
				MTL_ENABLE_DEBUG_INFO = NO;
				MTL_FAST_MATH = YES;
				SDKROOT = iphoneos;
				SWIFT_COMPILATION_MODE = wholemodule;
				SWIFT_OPTIMIZATION_LEVEL = "-O";
				VALIDATE_PRODUCT = YES;
			};
			name = Release;
		};
		AAE37C8723A1566D00BB93C2 /* Debug */ = {
			isa = XCBuildConfiguration;
			buildSettings = {
				ASSETCATALOG_COMPILER_APPICON_NAME = AppIcon;
				CODE_SIGN_STYLE = Automatic;
				DEVELOPMENT_ASSET_PATHS = "\"HotProspects/Preview Content\"";
				ENABLE_PREVIEWS = YES;
				INFOPLIST_FILE = HotProspects/Info.plist;
				LD_RUNPATH_SEARCH_PATHS = (
					"$(inherited)",
					"@executable_path/Frameworks",
				);
				PRODUCT_BUNDLE_IDENTIFIER = dk.mitteldorf.HotProspects;
				PRODUCT_NAME = "$(TARGET_NAME)";
				SWIFT_VERSION = 5.0;
				TARGETED_DEVICE_FAMILY = "1,2";
			};
			name = Debug;
		};
		AAE37C8823A1566D00BB93C2 /* Release */ = {
			isa = XCBuildConfiguration;
			buildSettings = {
				ASSETCATALOG_COMPILER_APPICON_NAME = AppIcon;
				CODE_SIGN_STYLE = Automatic;
				DEVELOPMENT_ASSET_PATHS = "\"HotProspects/Preview Content\"";
				ENABLE_PREVIEWS = YES;
				INFOPLIST_FILE = HotProspects/Info.plist;
				LD_RUNPATH_SEARCH_PATHS = (
					"$(inherited)",
					"@executable_path/Frameworks",
				);
				PRODUCT_BUNDLE_IDENTIFIER = dk.mitteldorf.HotProspects;
				PRODUCT_NAME = "$(TARGET_NAME)";
				SWIFT_VERSION = 5.0;
				TARGETED_DEVICE_FAMILY = "1,2";
			};
			name = Release;
		};
/* End XCBuildConfiguration section */

/* Begin XCConfigurationList section */
		AAE37C6D23A1566C00BB93C2 /* Build configuration list for PBXProject "HotProspects" */ = {
			isa = XCConfigurationList;
			buildConfigurations = (
				AAE37C8423A1566D00BB93C2 /* Debug */,
				AAE37C8523A1566D00BB93C2 /* Release */,
			);
			defaultConfigurationIsVisible = 0;
			defaultConfigurationName = Release;
		};
		AAE37C8623A1566D00BB93C2 /* Build configuration list for PBXNativeTarget "HotProspects" */ = {
			isa = XCConfigurationList;
			buildConfigurations = (
				AAE37C8723A1566D00BB93C2 /* Debug */,
				AAE37C8823A1566D00BB93C2 /* Release */,
			);
			defaultConfigurationIsVisible = 0;
			defaultConfigurationName = Release;
		};
/* End XCConfigurationList section */
	};
	rootObject = AAE37C6A23A1566C00BB93C2 /* Project object */;
}
