// !$*UTF8*$!
{
	archiveVersion = 1;
	classes = {
	};
	objectVersion = 50;
	objects = {

/* Begin PBXBuildFile section */
		AAFCBC8C2368947A0061410E /* AppDelegate.swift in Sources */ = {isa = PBXBuildFile; fileRef = AAFCBC8B2368947A0061410E /* AppDelegate.swift */; };
		AAFCBC8E2368947A0061410E /* SceneDelegate.swift in Sources */ = {isa = PBXBuildFile; fileRef = AAFCBC8D2368947A0061410E /* SceneDelegate.swift */; };
		AAFCBC902368947A0061410E /* ExamplesContentView.swift in Sources */ = {isa = PBXBuildFile; fileRef = AAFCBC8F2368947A0061410E /* ExamplesContentView.swift */; };
		AAFCBC922368947B0061410E /* Assets.xcassets in Resources */ = {isa = PBXBuildFile; fileRef = AAFCBC912368947B0061410E /* Assets.xcassets */; };
		AAFCBC952368947B0061410E /* Preview Assets.xcassets in Resources */ = {isa = PBXBuildFile; fileRef = AAFCBC942368947B0061410E /* Preview Assets.xcassets */; };
		AAFCBC982368947B0061410E /* LaunchScreen.storyboard in Resources */ = {isa = PBXBuildFile; fileRef = AAFCBC962368947B0061410E /* LaunchScreen.storyboard */; };
		AAFCBCA0236898330061410E /* ContentView.swift in Sources */ = {isa = PBXBuildFile; fileRef = AAFCBC9F236898330061410E /* ContentView.swift */; };
/* End PBXBuildFile section */

/* Begin PBXFileReference section */
		AAFCBC882368947A0061410E /* iExpense.app */ = {isa = PBXFileReference; explicitFileType = wrapper.application; includeInIndex = 0; path = iExpense.app; sourceTree = BUILT_PRODUCTS_DIR; };
		AAFCBC8B2368947A0061410E /* AppDelegate.swift */ = {isa = PBXFileReference; lastKnownFileType = sourcecode.swift; path = AppDelegate.swift; sourceTree = "<group>"; };
		AAFCBC8D2368947A0061410E /* SceneDelegate.swift */ = {isa = PBXFileReference; lastKnownFileType = sourcecode.swift; path = SceneDelegate.swift; sourceTree = "<group>"; };
		AAFCBC8F2368947A0061410E /* ExamplesContentView.swift */ = {isa = PBXFileReference; lastKnownFileType = sourcecode.swift; path = ExamplesContentView.swift; sourceTree = "<group>"; };
		AAFCBC912368947B0061410E /* Assets.xcassets */ = {isa = PBXFileReference; lastKnownFileType = folder.assetcatalog; path = Assets.xcassets; sourceTree = "<group>"; };
		AAFCBC942368947B0061410E /* Preview Assets.xcassets */ = {isa = PBXFileReference; lastKnownFileType = folder.assetcatalog; path = "Preview Assets.xcassets"; sourceTree = "<group>"; };
		AAFCBC972368947B0061410E /* Base */ = {isa = PBXFileReference; lastKnownFileType = file.storyboard; name = Base; path = Base.lproj/LaunchScreen.storyboard; sourceTree = "<group>"; };
		AAFCBC992368947B0061410E /* Info.plist */ = {isa = PBXFileReference; lastKnownFileType = text.plist.xml; path = Info.plist; sourceTree = "<group>"; };
		AAFCBC9F236898330061410E /* ContentView.swift */ = {isa = PBXFileReference; lastKnownFileType = sourcecode.swift; path = ContentView.swift; sourceTree = "<group>"; };
/* End PBXFileReference section */

/* Begin PBXFrameworksBuildPhase section */
		AAFCBC852368947A0061410E /* Frameworks */ = {
			isa = PBXFrameworksBuildPhase;
			buildActionMask = 2147483647;
			files = (
			);
			runOnlyForDeploymentPostprocessing = 0;
		};
/* End PBXFrameworksBuildPhase section */

/* Begin PBXGroup section */
		AAFCBC7F2368947A0061410E = {
			isa = PBXGroup;
			children = (
				AAFCBC8A2368947A0061410E /* iExpense */,
				AAFCBC892368947A0061410E /* Products */,
			);
			sourceTree = "<group>";
		};
		AAFCBC892368947A0061410E /* Products */ = {
			isa = PBXGroup;
			children = (
				AAFCBC882368947A0061410E /* iExpense.app */,
			);
			name = Products;
			sourceTree = "<group>";
		};
		AAFCBC8A2368947A0061410E /* iExpense */ = {
			isa = PBXGroup;
			children = (
				AAFCBC8B2368947A0061410E /* AppDelegate.swift */,
				AAFCBC8D2368947A0061410E /* SceneDelegate.swift */,
				AAFCBC8F2368947A0061410E /* ExamplesContentView.swift */,
				AAFCBC9F236898330061410E /* ContentView.swift */,
				AAFCBC912368947B0061410E /* Assets.xcassets */,
				AAFCBC962368947B0061410E /* LaunchScreen.storyboard */,
				AAFCBC992368947B0061410E /* Info.plist */,
				AAFCBC932368947B0061410E /* Preview Content */,
			);
			path = iExpense;
			sourceTree = "<group>";
		};
		AAFCBC932368947B0061410E /* Preview Content */ = {
			isa = PBXGroup;
			children = (
				AAFCBC942368947B0061410E /* Preview Assets.xcassets */,
			);
			path = "Preview Content";
			sourceTree = "<group>";
		};
/* End PBXGroup section */

/* Begin PBXNativeTarget section */
		AAFCBC872368947A0061410E /* iExpense */ = {
			isa = PBXNativeTarget;
			buildConfigurationList = AAFCBC9C2368947B0061410E /* Build configuration list for PBXNativeTarget "iExpense" */;
			buildPhases = (
				AAFCBC842368947A0061410E /* Sources */,
				AAFCBC852368947A0061410E /* Frameworks */,
				AAFCBC862368947A0061410E /* Resources */,
			);
			buildRules = (
			);
			dependencies = (
			);
			name = iExpense;
			productName = iExpense;
			productReference = AAFCBC882368947A0061410E /* iExpense.app */;
			productType = "com.apple.product-type.application";
		};
/* End PBXNativeTarget section */

/* Begin PBXProject section */
		AAFCBC802368947A0061410E /* Project object */ = {
			isa = PBXProject;
			attributes = {
				LastSwiftUpdateCheck = 1120;
				LastUpgradeCheck = 1120;
				ORGANIZATIONNAME = mitteldorf;
				TargetAttributes = {
					AAFCBC872368947A0061410E = {
						CreatedOnToolsVersion = 11.2;
					};
				};
			};
			buildConfigurationList = AAFCBC832368947A0061410E /* Build configuration list for PBXProject "iExpense" */;
			compatibilityVersion = "Xcode 9.3";
			developmentRegion = en;
			hasScannedForEncodings = 0;
			knownRegions = (
				en,
				Base,
			);
			mainGroup = AAFCBC7F2368947A0061410E;
			productRefGroup = AAFCBC892368947A0061410E /* Products */;
			projectDirPath = "";
			projectRoot = "";
			targets = (
				AAFCBC872368947A0061410E /* iExpense */,
			);
		};
/* End PBXProject section */

/* Begin PBXResourcesBuildPhase section */
		AAFCBC862368947A0061410E /* Resources */ = {
			isa = PBXResourcesBuildPhase;
			buildActionMask = 2147483647;
			files = (
				AAFCBC982368947B0061410E /* LaunchScreen.storyboard in Resources */,
				AAFCBC952368947B0061410E /* Preview Assets.xcassets in Resources */,
				AAFCBC922368947B0061410E /* Assets.xcassets in Resources */,
			);
			runOnlyForDeploymentPostprocessing = 0;
		};
/* End PBXResourcesBuildPhase section */

/* Begin PBXSourcesBuildPhase section */
		AAFCBC842368947A0061410E /* Sources */ = {
			isa = PBXSourcesBuildPhase;
			buildActionMask = 2147483647;
			files = (
				AAFCBC8C2368947A0061410E /* AppDelegate.swift in Sources */,
				AAFCBC8E2368947A0061410E /* SceneDelegate.swift in Sources */,
				AAFCBCA0236898330061410E /* ContentView.swift in Sources */,
				AAFCBC902368947A0061410E /* ExamplesContentView.swift in Sources */,
			);
			runOnlyForDeploymentPostprocessing = 0;
		};
/* End PBXSourcesBuildPhase section */

/* Begin PBXVariantGroup section */
		AAFCBC962368947B0061410E /* LaunchScreen.storyboard */ = {
			isa = PBXVariantGroup;
			children = (
				AAFCBC972368947B0061410E /* Base */,
			);
			name = LaunchScreen.storyboard;
			sourceTree = "<group>";
		};
/* End PBXVariantGroup section */

/* Begin XCBuildConfiguration section */
		AAFCBC9A2368947B0061410E /* Debug */ = {
			isa = XCBuildConfiguration;
			buildSettings = {
				ALWAYS_SEARCH_USER_PATHS = NO;
				CLANG_ANALYZER_NONNULL = YES;
				CLANG_ANALYZER_NUMBER_OBJECT_CONVERSION = YES_AGGRESSIVE;
				CLANG_CXX_LANGUAGE_STANDARD = "gnu++14";
				CLANG_CXX_LIBRARY = "libc++";
				CLANG_ENABLE_MODULES = YES;
				CLANG_ENABLE_OBJC_ARC = YES;
				CLANG_ENABLE_OBJC_WEAK = YES;
				CLANG_WARN_BLOCK_CAPTURE_AUTORELEASING = YES;
				CLANG_WARN_BOOL_CONVERSION = YES;
				CLANG_WARN_COMMA = YES;
				CLANG_WARN_CONSTANT_CONVERSION = YES;
				CLANG_WARN_DEPRECATED_OBJC_IMPLEMENTATIONS = YES;
				CLANG_WARN_DIRECT_OBJC_ISA_USAGE = YES_ERROR;
				CLANG_WARN_DOCUMENTATION_COMMENTS = YES;
				CLANG_WARN_EMPTY_BODY = YES;
				CLANG_WARN_ENUM_CONVERSION = YES;
				CLANG_WARN_INFINITE_RECURSION = YES;
				CLANG_WARN_INT_CONVERSION = YES;
				CLANG_WARN_NON_LITERAL_NULL_CONVERSION = YES;
				CLANG_WARN_OBJC_IMPLICIT_RETAIN_SELF = YES;
				CLANG_WARN_OBJC_LITERAL_CONVERSION = YES;
				CLANG_WARN_OBJC_ROOT_CLASS = YES_ERROR;
				CLANG_WARN_RANGE_LOOP_ANALYSIS = YES;
				CLANG_WARN_STRICT_PROTOTYPES = YES;
				CLANG_WARN_SUSPICIOUS_MOVE = YES;
				CLANG_WARN_UNGUARDED_AVAILABILITY = YES_AGGRESSIVE;
				CLANG_WARN_UNREACHABLE_CODE = YES;
				CLANG_WARN__DUPLICATE_METHOD_MATCH = YES;
				COPY_PHASE_STRIP = NO;
				DEBUG_INFORMATION_FORMAT = dwarf;
				ENABLE_STRICT_OBJC_MSGSEND = YES;
				ENABLE_TESTABILITY = YES;
				GCC_C_LANGUAGE_STANDARD = gnu11;
				GCC_DYNAMIC_NO_PIC = NO;
				GCC_NO_COMMON_BLOCKS = YES;
				GCC_OPTIMIZATION_LEVEL = 0;
				GCC_PREPROCESSOR_DEFINITIONS = (
					"DEBUG=1",
					"$(inherited)",
				);
				GCC_WARN_64_TO_32_BIT_CONVERSION = YES;
				GCC_WARN_ABOUT_RETURN_TYPE = YES_ERROR;
				GCC_WARN_UNDECLARED_SELECTOR = YES;
				GCC_WARN_UNINITIALIZED_AUTOS = YES_AGGRESSIVE;
				GCC_WARN_UNUSED_FUNCTION = YES;
				GCC_WARN_UNUSED_VARIABLE = YES;
				IPHONEOS_DEPLOYMENT_TARGET = 13.2;
				MTL_ENABLE_DEBUG_INFO = INCLUDE_SOURCE;
				MTL_FAST_MATH = YES;
				ONLY_ACTIVE_ARCH = YES;
				SDKROOT = iphoneos;
				SWIFT_ACTIVE_COMPILATION_CONDITIONS = DEBUG;
				SWIFT_OPTIMIZATION_LEVEL = "-Onone";
			};
			name = Debug;
		};
		AAFCBC9B2368947B0061410E /* Release */ = {
			isa = XCBuildConfiguration;
			buildSettings = {
				ALWAYS_SEARCH_USER_PATHS = NO;
				CLANG_ANALYZER_NONNULL = YES;
				CLANG_ANALYZER_NUMBER_OBJECT_CONVERSION = YES_AGGRESSIVE;
				CLANG_CXX_LANGUAGE_STANDARD = "gnu++14";
				CLANG_CXX_LIBRARY = "libc++";
				CLANG_ENABLE_MODULES = YES;
				CLANG_ENABLE_OBJC_ARC = YES;
				CLANG_ENABLE_OBJC_WEAK = YES;
				CLANG_WARN_BLOCK_CAPTURE_AUTORELEASING = YES;
				CLANG_WARN_BOOL_CONVERSION = YES;
				CLANG_WARN_COMMA = YES;
				CLANG_WARN_CONSTANT_CONVERSION = YES;
				CLANG_WARN_DEPRECATED_OBJC_IMPLEMENTATIONS = YES;
				CLANG_WARN_DIRECT_OBJC_ISA_USAGE = YES_ERROR;
				CLANG_WARN_DOCUMENTATION_COMMENTS = YES;
				CLANG_WARN_EMPTY_BODY = YES;
				CLANG_WARN_ENUM_CONVERSION = YES;
				CLANG_WARN_INFINITE_RECURSION = YES;
				CLANG_WARN_INT_CONVERSION = YES;
				CLANG_WARN_NON_LITERAL_NULL_CONVERSION = YES;
				CLANG_WARN_OBJC_IMPLICIT_RETAIN_SELF = YES;
				CLANG_WARN_OBJC_LITERAL_CONVERSION = YES;
				CLANG_WARN_OBJC_ROOT_CLASS = YES_ERROR;
				CLANG_WARN_RANGE_LOOP_ANALYSIS = YES;
				CLANG_WARN_STRICT_PROTOTYPES = YES;
				CLANG_WARN_SUSPICIOUS_MOVE = YES;
				CLANG_WARN_UNGUARDED_AVAILABILITY = YES_AGGRESSIVE;
				CLANG_WARN_UNREACHABLE_CODE = YES;
				CLANG_WARN__DUPLICATE_METHOD_MATCH = YES;
				COPY_PHASE_STRIP = NO;
				DEBUG_INFORMATION_FORMAT = "dwarf-with-dsym";
				ENABLE_NS_ASSERTIONS = NO;
				ENABLE_STRICT_OBJC_MSGSEND = YES;
				GCC_C_LANGUAGE_STANDARD = gnu11;
				GCC_NO_COMMON_BLOCKS = YES;
				GCC_WARN_64_TO_32_BIT_CONVERSION = YES;
				GCC_WARN_ABOUT_RETURN_TYPE = YES_ERROR;
				GCC_WARN_UNDECLARED_SELECTOR = YES;
				GCC_WARN_UNINITIALIZED_AUTOS = YES_AGGRESSIVE;
				GCC_WARN_UNUSED_FUNCTION = YES;
				GCC_WARN_UNUSED_VARIABLE = YES;
				IPHONEOS_DEPLOYMENT_TARGET = 13.2;
				MTL_ENABLE_DEBUG_INFO = NO;
				MTL_FAST_MATH = YES;
				SDKROOT = iphoneos;
				SWIFT_COMPILATION_MODE = wholemodule;
				SWIFT_OPTIMIZATION_LEVEL = "-O";
				VALIDATE_PRODUCT = YES;
			};
			name = Release;
		};
		AAFCBC9D2368947B0061410E /* Debug */ = {
			isa = XCBuildConfiguration;
			buildSettings = {
				ASSETCATALOG_COMPILER_APPICON_NAME = AppIcon;
				CODE_SIGN_STYLE = Automatic;
				DEVELOPMENT_ASSET_PATHS = "\"iExpense/Preview Content\"";
				DEVELOPMENT_TEAM = Q3V7EHH6V7;
				ENABLE_PREVIEWS = YES;
				INFOPLIST_FILE = iExpense/Info.plist;
				LD_RUNPATH_SEARCH_PATHS = (
					"$(inherited)",
					"@executable_path/Frameworks",
				);
				PRODUCT_BUNDLE_IDENTIFIER = dk.mitteldorf.iExpense;
				PRODUCT_NAME = "$(TARGET_NAME)";
				SWIFT_VERSION = 5.0;
				TARGETED_DEVICE_FAMILY = "1,2";
			};
			name = Debug;
		};
		AAFCBC9E2368947C0061410E /* Release */ = {
			isa = XCBuildConfiguration;
			buildSettings = {
				ASSETCATALOG_COMPILER_APPICON_NAME = AppIcon;
				CODE_SIGN_STYLE = Automatic;
				DEVELOPMENT_ASSET_PATHS = "\"iExpense/Preview Content\"";
				DEVELOPMENT_TEAM = Q3V7EHH6V7;
				ENABLE_PREVIEWS = YES;
				INFOPLIST_FILE = iExpense/Info.plist;
				LD_RUNPATH_SEARCH_PATHS = (
					"$(inherited)",
					"@executable_path/Frameworks",
				);
				PRODUCT_BUNDLE_IDENTIFIER = dk.mitteldorf.iExpense;
				PRODUCT_NAME = "$(TARGET_NAME)";
				SWIFT_VERSION = 5.0;
				TARGETED_DEVICE_FAMILY = "1,2";
			};
			name = Release;
		};
/* End XCBuildConfiguration section */

/* Begin XCConfigurationList section */
		AAFCBC832368947A0061410E /* Build configuration list for PBXProject "iExpense" */ = {
			isa = XCConfigurationList;
			buildConfigurations = (
				AAFCBC9A2368947B0061410E /* Debug */,
				AAFCBC9B2368947B0061410E /* Release */,
			);
			defaultConfigurationIsVisible = 0;
			defaultConfigurationName = Release;
		};
		AAFCBC9C2368947B0061410E /* Build configuration list for PBXNativeTarget "iExpense" */ = {
			isa = XCConfigurationList;
			buildConfigurations = (
				AAFCBC9D2368947B0061410E /* Debug */,
				AAFCBC9E2368947C0061410E /* Release */,
			);
			defaultConfigurationIsVisible = 0;
			defaultConfigurationName = Release;
		};
/* End XCConfigurationList section */
	};
	rootObject = AAFCBC802368947A0061410E /* Project object */;
}
