// !$*UTF8*$!
{
	archiveVersion = 1;
	classes = {
	};
	objectVersion = 50;
	objects = {

/* Begin PBXBuildFile section */
		AABA2CF62373634E00947292 /* AppDelegate.swift in Sources */ = {isa = PBXBuildFile; fileRef = AABA2CF52373634E00947292 /* AppDelegate.swift */; };
		AABA2CF82373634E00947292 /* SceneDelegate.swift in Sources */ = {isa = PBXBuildFile; fileRef = AABA2CF72373634E00947292 /* SceneDelegate.swift */; };
		AABA2CFA2373634E00947292 /* ContentView.swift in Sources */ = {isa = PBXBuildFile; fileRef = AABA2CF92373634E00947292 /* ContentView.swift */; };
		AABA2CFC2373635300947292 /* Assets.xcassets in Resources */ = {isa = PBXBuildFile; fileRef = AABA2CFB2373635300947292 /* Assets.xcassets */; };
		AABA2CFF2373635300947292 /* Preview Assets.xcassets in Resources */ = {isa = PBXBuildFile; fileRef = AABA2CFE2373635300947292 /* Preview Assets.xcassets */; };
		AABA2D022373635300947292 /* LaunchScreen.storyboard in Resources */ = {isa = PBXBuildFile; fileRef = AABA2D002373635300947292 /* LaunchScreen.storyboard */; };
		AABA2D0A23736A2B00947292 /* astronauts.json in Resources */ = {isa = PBXBuildFile; fileRef = AABA2D0923736A2B00947292 /* astronauts.json */; };
		AABA2D0C23736A2F00947292 /* missions.json in Resources */ = {isa = PBXBuildFile; fileRef = AABA2D0B23736A2F00947292 /* missions.json */; };
		AABA2D0E23736A4D00947292 /* Astronaut.swift in Sources */ = {isa = PBXBuildFile; fileRef = AABA2D0D23736A4D00947292 /* Astronaut.swift */; };
		AABA2D1023736A9C00947292 /* Bundle+Decode.swift in Sources */ = {isa = PBXBuildFile; fileRef = AABA2D0F23736A9C00947292 /* Bundle+Decode.swift */; };
		AABA2D1223736B7200947292 /* CrewRole.swift in Sources */ = {isa = PBXBuildFile; fileRef = AABA2D1123736B7200947292 /* CrewRole.swift */; };
		AABA2D1423736BD200947292 /* Mission.swift in Sources */ = {isa = PBXBuildFile; fileRef = AABA2D1323736BD200947292 /* Mission.swift */; };
/* End PBXBuildFile section */

/* Begin PBXFileReference section */
		AABA2CF22373634E00947292 /* Moonshot.app */ = {isa = PBXFileReference; explicitFileType = wrapper.application; includeInIndex = 0; path = Moonshot.app; sourceTree = BUILT_PRODUCTS_DIR; };
		AABA2CF52373634E00947292 /* AppDelegate.swift */ = {isa = PBXFileReference; lastKnownFileType = sourcecode.swift; path = AppDelegate.swift; sourceTree = "<group>"; };
		AABA2CF72373634E00947292 /* SceneDelegate.swift */ = {isa = PBXFileReference; lastKnownFileType = sourcecode.swift; path = SceneDelegate.swift; sourceTree = "<group>"; };
		AABA2CF92373634E00947292 /* ContentView.swift */ = {isa = PBXFileReference; lastKnownFileType = sourcecode.swift; path = ContentView.swift; sourceTree = "<group>"; };
		AABA2CFB2373635300947292 /* Assets.xcassets */ = {isa = PBXFileReference; lastKnownFileType = folder.assetcatalog; path = Assets.xcassets; sourceTree = "<group>"; };
		AABA2CFE2373635300947292 /* Preview Assets.xcassets */ = {isa = PBXFileReference; lastKnownFileType = folder.assetcatalog; path = "Preview Assets.xcassets"; sourceTree = "<group>"; };
		AABA2D012373635300947292 /* Base */ = {isa = PBXFileReference; lastKnownFileType = file.storyboard; name = Base; path = Base.lproj/LaunchScreen.storyboard; sourceTree = "<group>"; };
		AABA2D032373635300947292 /* Info.plist */ = {isa = PBXFileReference; lastKnownFileType = text.plist.xml; path = Info.plist; sourceTree = "<group>"; };
		AABA2D0923736A2B00947292 /* astronauts.json */ = {isa = PBXFileReference; fileEncoding = 4; lastKnownFileType = text.json; path = astronauts.json; sourceTree = "<group>"; };
		AABA2D0B23736A2F00947292 /* missions.json */ = {isa = PBXFileReference; fileEncoding = 4; lastKnownFileType = text.json; path = missions.json; sourceTree = "<group>"; };
		AABA2D0D23736A4D00947292 /* Astronaut.swift */ = {isa = PBXFileReference; lastKnownFileType = sourcecode.swift; path = Astronaut.swift; sourceTree = "<group>"; };
		AABA2D0F23736A9C00947292 /* Bundle+Decode.swift */ = {isa = PBXFileReference; lastKnownFileType = sourcecode.swift; path = "Bundle+Decode.swift"; sourceTree = "<group>"; };
		AABA2D1123736B7200947292 /* CrewRole.swift */ = {isa = PBXFileReference; lastKnownFileType = sourcecode.swift; path = CrewRole.swift; sourceTree = "<group>"; };
		AABA2D1323736BD200947292 /* Mission.swift */ = {isa = PBXFileReference; lastKnownFileType = sourcecode.swift; path = Mission.swift; sourceTree = "<group>"; };
/* End PBXFileReference section */

/* Begin PBXFrameworksBuildPhase section */
		AABA2CEF2373634E00947292 /* Frameworks */ = {
			isa = PBXFrameworksBuildPhase;
			buildActionMask = 2147483647;
			files = (
			);
			runOnlyForDeploymentPostprocessing = 0;
		};
/* End PBXFrameworksBuildPhase section */

/* Begin PBXGroup section */
		AABA2CE92373634E00947292 = {
			isa = PBXGroup;
			children = (
				AABA2CF42373634E00947292 /* Moonshot */,
				AABA2CF32373634E00947292 /* Products */,
			);
			sourceTree = "<group>";
		};
		AABA2CF32373634E00947292 /* Products */ = {
			isa = PBXGroup;
			children = (
				AABA2CF22373634E00947292 /* Moonshot.app */,
			);
			name = Products;
			sourceTree = "<group>";
		};
		AABA2CF42373634E00947292 /* Moonshot */ = {
			isa = PBXGroup;
			children = (
				AABA2CF52373634E00947292 /* AppDelegate.swift */,
				AABA2CF72373634E00947292 /* SceneDelegate.swift */,
				AABA2CF92373634E00947292 /* ContentView.swift */,
				AABA2D1123736B7200947292 /* CrewRole.swift */,
				AABA2D1323736BD200947292 /* Mission.swift */,
				AABA2D0D23736A4D00947292 /* Astronaut.swift */,
				AABA2D0F23736A9C00947292 /* Bundle+Decode.swift */,
				AABA2D0923736A2B00947292 /* astronauts.json */,
				AABA2D0B23736A2F00947292 /* missions.json */,
				AABA2CFB2373635300947292 /* Assets.xcassets */,
				AABA2D002373635300947292 /* LaunchScreen.storyboard */,
				AABA2D032373635300947292 /* Info.plist */,
				AABA2CFD2373635300947292 /* Preview Content */,
			);
			path = Moonshot;
			sourceTree = "<group>";
		};
		AABA2CFD2373635300947292 /* Preview Content */ = {
			isa = PBXGroup;
			children = (
				AABA2CFE2373635300947292 /* Preview Assets.xcassets */,
			);
			path = "Preview Content";
			sourceTree = "<group>";
		};
/* End PBXGroup section */

/* Begin PBXNativeTarget section */
		AABA2CF12373634E00947292 /* Moonshot */ = {
			isa = PBXNativeTarget;
			buildConfigurationList = AABA2D062373635300947292 /* Build configuration list for PBXNativeTarget "Moonshot" */;
			buildPhases = (
				AABA2CEE2373634E00947292 /* Sources */,
				AABA2CEF2373634E00947292 /* Frameworks */,
				AABA2CF02373634E00947292 /* Resources */,
			);
			buildRules = (
			);
			dependencies = (
			);
			name = Moonshot;
			productName = Moonshot;
			productReference = AABA2CF22373634E00947292 /* Moonshot.app */;
			productType = "com.apple.product-type.application";
		};
/* End PBXNativeTarget section */

/* Begin PBXProject section */
		AABA2CEA2373634E00947292 /* Project object */ = {
			isa = PBXProject;
			attributes = {
				LastSwiftUpdateCheck = 1120;
				LastUpgradeCheck = 1120;
				ORGANIZATIONNAME = "Christian Mitteldorf";
				TargetAttributes = {
					AABA2CF12373634E00947292 = {
						CreatedOnToolsVersion = 11.2;
					};
				};
			};
			buildConfigurationList = AABA2CED2373634E00947292 /* Build configuration list for PBXProject "Moonshot" */;
			compatibilityVersion = "Xcode 9.3";
			developmentRegion = en;
			hasScannedForEncodings = 0;
			knownRegions = (
				en,
				Base,
			);
			mainGroup = AABA2CE92373634E00947292;
			productRefGroup = AABA2CF32373634E00947292 /* Products */;
			projectDirPath = "";
			projectRoot = "";
			targets = (
				AABA2CF12373634E00947292 /* Moonshot */,
			);
		};
/* End PBXProject section */

/* Begin PBXResourcesBuildPhase section */
		AABA2CF02373634E00947292 /* Resources */ = {
			isa = PBXResourcesBuildPhase;
			buildActionMask = 2147483647;
			files = (
				AABA2D022373635300947292 /* LaunchScreen.storyboard in Resources */,
				AABA2D0C23736A2F00947292 /* missions.json in Resources */,
				AABA2CFF2373635300947292 /* Preview Assets.xcassets in Resources */,
				AABA2CFC2373635300947292 /* Assets.xcassets in Resources */,
				AABA2D0A23736A2B00947292 /* astronauts.json in Resources */,
			);
			runOnlyForDeploymentPostprocessing = 0;
		};
/* End PBXResourcesBuildPhase section */

/* Begin PBXSourcesBuildPhase section */
		AABA2CEE2373634E00947292 /* Sources */ = {
			isa = PBXSourcesBuildPhase;
			buildActionMask = 2147483647;
			files = (
				AABA2D1223736B7200947292 /* CrewRole.swift in Sources */,
				AABA2D1023736A9C00947292 /* Bundle+Decode.swift in Sources */,
				AABA2CF62373634E00947292 /* AppDelegate.swift in Sources */,
				AABA2CF82373634E00947292 /* SceneDelegate.swift in Sources */,
				AABA2CFA2373634E00947292 /* ContentView.swift in Sources */,
				AABA2D1423736BD200947292 /* Mission.swift in Sources */,
				AABA2D0E23736A4D00947292 /* Astronaut.swift in Sources */,
			);
			runOnlyForDeploymentPostprocessing = 0;
		};
/* End PBXSourcesBuildPhase section */

/* Begin PBXVariantGroup section */
		AABA2D002373635300947292 /* LaunchScreen.storyboard */ = {
			isa = PBXVariantGroup;
			children = (
				AABA2D012373635300947292 /* Base */,
			);
			name = LaunchScreen.storyboard;
			sourceTree = "<group>";
		};
/* End PBXVariantGroup section */

/* Begin XCBuildConfiguration section */
		AABA2D042373635300947292 /* Debug */ = {
			isa = XCBuildConfiguration;
			buildSettings = {
				ALWAYS_SEARCH_USER_PATHS = NO;
				CLANG_ANALYZER_NONNULL = YES;
				CLANG_ANALYZER_NUMBER_OBJECT_CONVERSION = YES_AGGRESSIVE;
				CLANG_CXX_LANGUAGE_STANDARD = "gnu++14";
				CLANG_CXX_LIBRARY = "libc++";
				CLANG_ENABLE_MODULES = YES;
				CLANG_ENABLE_OBJC_ARC = YES;
				CLANG_ENABLE_OBJC_WEAK = YES;
				CLANG_WARN_BLOCK_CAPTURE_AUTORELEASING = YES;
				CLANG_WARN_BOOL_CONVERSION = YES;
				CLANG_WARN_COMMA = YES;
				CLANG_WARN_CONSTANT_CONVERSION = YES;
				CLANG_WARN_DEPRECATED_OBJC_IMPLEMENTATIONS = YES;
				CLANG_WARN_DIRECT_OBJC_ISA_USAGE = YES_ERROR;
				CLANG_WARN_DOCUMENTATION_COMMENTS = YES;
				CLANG_WARN_EMPTY_BODY = YES;
				CLANG_WARN_ENUM_CONVERSION = YES;
				CLANG_WARN_INFINITE_RECURSION = YES;
				CLANG_WARN_INT_CONVERSION = YES;
				CLANG_WARN_NON_LITERAL_NULL_CONVERSION = YES;
				CLANG_WARN_OBJC_IMPLICIT_RETAIN_SELF = YES;
				CLANG_WARN_OBJC_LITERAL_CONVERSION = YES;
				CLANG_WARN_OBJC_ROOT_CLASS = YES_ERROR;
				CLANG_WARN_RANGE_LOOP_ANALYSIS = YES;
				CLANG_WARN_STRICT_PROTOTYPES = YES;
				CLANG_WARN_SUSPICIOUS_MOVE = YES;
				CLANG_WARN_UNGUARDED_AVAILABILITY = YES_AGGRESSIVE;
				CLANG_WARN_UNREACHABLE_CODE = YES;
				CLANG_WARN__DUPLICATE_METHOD_MATCH = YES;
				COPY_PHASE_STRIP = NO;
				DEBUG_INFORMATION_FORMAT = dwarf;
				ENABLE_STRICT_OBJC_MSGSEND = YES;
				ENABLE_TESTABILITY = YES;
				GCC_C_LANGUAGE_STANDARD = gnu11;
				GCC_DYNAMIC_NO_PIC = NO;
				GCC_NO_COMMON_BLOCKS = YES;
				GCC_OPTIMIZATION_LEVEL = 0;
				GCC_PREPROCESSOR_DEFINITIONS = (
					"DEBUG=1",
					"$(inherited)",
				);
				GCC_WARN_64_TO_32_BIT_CONVERSION = YES;
				GCC_WARN_ABOUT_RETURN_TYPE = YES_ERROR;
				GCC_WARN_UNDECLARED_SELECTOR = YES;
				GCC_WARN_UNINITIALIZED_AUTOS = YES_AGGRESSIVE;
				GCC_WARN_UNUSED_FUNCTION = YES;
				GCC_WARN_UNUSED_VARIABLE = YES;
				IPHONEOS_DEPLOYMENT_TARGET = 13.2;
				MTL_ENABLE_DEBUG_INFO = INCLUDE_SOURCE;
				MTL_FAST_MATH = YES;
				ONLY_ACTIVE_ARCH = YES;
				SDKROOT = iphoneos;
				SWIFT_ACTIVE_COMPILATION_CONDITIONS = DEBUG;
				SWIFT_OPTIMIZATION_LEVEL = "-Onone";
			};
			name = Debug;
		};
		AABA2D052373635300947292 /* Release */ = {
			isa = XCBuildConfiguration;
			buildSettings = {
				ALWAYS_SEARCH_USER_PATHS = NO;
				CLANG_ANALYZER_NONNULL = YES;
				CLANG_ANALYZER_NUMBER_OBJECT_CONVERSION = YES_AGGRESSIVE;
				CLANG_CXX_LANGUAGE_STANDARD = "gnu++14";
				CLANG_CXX_LIBRARY = "libc++";
				CLANG_ENABLE_MODULES = YES;
				CLANG_ENABLE_OBJC_ARC = YES;
				CLANG_ENABLE_OBJC_WEAK = YES;
				CLANG_WARN_BLOCK_CAPTURE_AUTORELEASING = YES;
				CLANG_WARN_BOOL_CONVERSION = YES;
				CLANG_WARN_COMMA = YES;
				CLANG_WARN_CONSTANT_CONVERSION = YES;
				CLANG_WARN_DEPRECATED_OBJC_IMPLEMENTATIONS = YES;
				CLANG_WARN_DIRECT_OBJC_ISA_USAGE = YES_ERROR;
				CLANG_WARN_DOCUMENTATION_COMMENTS = YES;
				CLANG_WARN_EMPTY_BODY = YES;
				CLANG_WARN_ENUM_CONVERSION = YES;
				CLANG_WARN_INFINITE_RECURSION = YES;
				CLANG_WARN_INT_CONVERSION = YES;
				CLANG_WARN_NON_LITERAL_NULL_CONVERSION = YES;
				CLANG_WARN_OBJC_IMPLICIT_RETAIN_SELF = YES;
				CLANG_WARN_OBJC_LITERAL_CONVERSION = YES;
				CLANG_WARN_OBJC_ROOT_CLASS = YES_ERROR;
				CLANG_WARN_RANGE_LOOP_ANALYSIS = YES;
				CLANG_WARN_STRICT_PROTOTYPES = YES;
				CLANG_WARN_SUSPICIOUS_MOVE = YES;
				CLANG_WARN_UNGUARDED_AVAILABILITY = YES_AGGRESSIVE;
				CLANG_WARN_UNREACHABLE_CODE = YES;
				CLANG_WARN__DUPLICATE_METHOD_MATCH = YES;
				COPY_PHASE_STRIP = NO;
				DEBUG_INFORMATION_FORMAT = "dwarf-with-dsym";
				ENABLE_NS_ASSERTIONS = NO;
				ENABLE_STRICT_OBJC_MSGSEND = YES;
				GCC_C_LANGUAGE_STANDARD = gnu11;
				GCC_NO_COMMON_BLOCKS = YES;
				GCC_WARN_64_TO_32_BIT_CONVERSION = YES;
				GCC_WARN_ABOUT_RETURN_TYPE = YES_ERROR;
				GCC_WARN_UNDECLARED_SELECTOR = YES;
				GCC_WARN_UNINITIALIZED_AUTOS = YES_AGGRESSIVE;
				GCC_WARN_UNUSED_FUNCTION = YES;
				GCC_WARN_UNUSED_VARIABLE = YES;
				IPHONEOS_DEPLOYMENT_TARGET = 13.2;
				MTL_ENABLE_DEBUG_INFO = NO;
				MTL_FAST_MATH = YES;
				SDKROOT = iphoneos;
				SWIFT_COMPILATION_MODE = wholemodule;
				SWIFT_OPTIMIZATION_LEVEL = "-O";
				VALIDATE_PRODUCT = YES;
			};
			name = Release;
		};
		AABA2D072373635300947292 /* Debug */ = {
			isa = XCBuildConfiguration;
			buildSettings = {
				ASSETCATALOG_COMPILER_APPICON_NAME = AppIcon;
				CODE_SIGN_STYLE = Automatic;
				DEVELOPMENT_ASSET_PATHS = "\"Moonshot/Preview Content\"";
				ENABLE_PREVIEWS = YES;
				INFOPLIST_FILE = Moonshot/Info.plist;
				LD_RUNPATH_SEARCH_PATHS = (
					"$(inherited)",
					"@executable_path/Frameworks",
				);
				PRODUCT_BUNDLE_IDENTIFIER = dk.mitteldorf.Moonshot;
				PRODUCT_NAME = "$(TARGET_NAME)";
				SWIFT_VERSION = 5.0;
				TARGETED_DEVICE_FAMILY = "1,2";
			};
			name = Debug;
		};
		AABA2D082373635300947292 /* Release */ = {
			isa = XCBuildConfiguration;
			buildSettings = {
				ASSETCATALOG_COMPILER_APPICON_NAME = AppIcon;
				CODE_SIGN_STYLE = Automatic;
				DEVELOPMENT_ASSET_PATHS = "\"Moonshot/Preview Content\"";
				ENABLE_PREVIEWS = YES;
				INFOPLIST_FILE = Moonshot/Info.plist;
				LD_RUNPATH_SEARCH_PATHS = (
					"$(inherited)",
					"@executable_path/Frameworks",
				);
				PRODUCT_BUNDLE_IDENTIFIER = dk.mitteldorf.Moonshot;
				PRODUCT_NAME = "$(TARGET_NAME)";
				SWIFT_VERSION = 5.0;
				TARGETED_DEVICE_FAMILY = "1,2";
			};
			name = Release;
		};
/* End XCBuildConfiguration section */

/* Begin XCConfigurationList section */
		AABA2CED2373634E00947292 /* Build configuration list for PBXProject "Moonshot" */ = {
			isa = XCConfigurationList;
			buildConfigurations = (
				AABA2D042373635300947292 /* Debug */,
				AABA2D052373635300947292 /* Release */,
			);
			defaultConfigurationIsVisible = 0;
			defaultConfigurationName = Release;
		};
		AABA2D062373635300947292 /* Build configuration list for PBXNativeTarget "Moonshot" */ = {
			isa = XCConfigurationList;
			buildConfigurations = (
				AABA2D072373635300947292 /* Debug */,
				AABA2D082373635300947292 /* Release */,
			);
			defaultConfigurationIsVisible = 0;
			defaultConfigurationName = Release;
		};
/* End XCConfigurationList section */
	};
	rootObject = AABA2CEA2373634E00947292 /* Project object */;
}
