// !$*UTF8*$!
{
	archiveVersion = 1;
	classes = {
	};
	objectVersion = 50;
	objects = {

/* Begin PBXBuildFile section */
		AA43851123BD3BA800D2C799 /* AppDelegate.swift in Sources */ = {isa = PBXBuildFile; fileRef = AA43851023BD3BA800D2C799 /* AppDelegate.swift */; };
		AA43851323BD3BA800D2C799 /* SceneDelegate.swift in Sources */ = {isa = PBXBuildFile; fileRef = AA43851223BD3BA800D2C799 /* SceneDelegate.swift */; };
		AA43851523BD3BA800D2C799 /* ContentView.swift in Sources */ = {isa = PBXBuildFile; fileRef = AA43851423BD3BA800D2C799 /* ContentView.swift */; };
		AA43851723BD3BA900D2C799 /* Assets.xcassets in Resources */ = {isa = PBXBuildFile; fileRef = AA43851623BD3BA900D2C799 /* Assets.xcassets */; };
		AA43851A23BD3BA900D2C799 /* Preview Assets.xcassets in Resources */ = {isa = PBXBuildFile; fileRef = AA43851923BD3BA900D2C799 /* Preview Assets.xcassets */; };
		AA43851D23BD3BA900D2C799 /* LaunchScreen.storyboard in Resources */ = {isa = PBXBuildFile; fileRef = AA43851B23BD3BA900D2C799 /* LaunchScreen.storyboard */; };
		AA43852623BD406200D2C799 /* CustomAlignmentGuides.swift in Sources */ = {isa = PBXBuildFile; fileRef = AA43852423BD3EC200D2C799 /* CustomAlignmentGuides.swift */; };
		AA43852823BD412900D2C799 /* AbsolutePositioning.swift in Sources */ = {isa = PBXBuildFile; fileRef = AA43852723BD412900D2C799 /* AbsolutePositioning.swift */; };
		AA43852A23BD42D100D2C799 /* CoordinateSpaces.swift in Sources */ = {isa = PBXBuildFile; fileRef = AA43852923BD42D100D2C799 /* CoordinateSpaces.swift */; };
		AA43852C23BD438C00D2C799 /* ScrollViewEffects.swift in Sources */ = {isa = PBXBuildFile; fileRef = AA43852B23BD438C00D2C799 /* ScrollViewEffects.swift */; };
		AA43852E23BD448A00D2C799 /* CoverFlowEffectView.swift in Sources */ = {isa = PBXBuildFile; fileRef = AA43852D23BD448A00D2C799 /* CoverFlowEffectView.swift */; };
/* End PBXBuildFile section */

/* Begin PBXFileReference section */
		AA43850D23BD3BA800D2C799 /* LayoutAndGeometry.app */ = {isa = PBXFileReference; explicitFileType = wrapper.application; includeInIndex = 0; path = LayoutAndGeometry.app; sourceTree = BUILT_PRODUCTS_DIR; };
		AA43851023BD3BA800D2C799 /* AppDelegate.swift */ = {isa = PBXFileReference; lastKnownFileType = sourcecode.swift; path = AppDelegate.swift; sourceTree = "<group>"; };
		AA43851223BD3BA800D2C799 /* SceneDelegate.swift */ = {isa = PBXFileReference; lastKnownFileType = sourcecode.swift; path = SceneDelegate.swift; sourceTree = "<group>"; };
		AA43851423BD3BA800D2C799 /* ContentView.swift */ = {isa = PBXFileReference; lastKnownFileType = sourcecode.swift; path = ContentView.swift; sourceTree = "<group>"; };
		AA43851623BD3BA900D2C799 /* Assets.xcassets */ = {isa = PBXFileReference; lastKnownFileType = folder.assetcatalog; path = Assets.xcassets; sourceTree = "<group>"; };
		AA43851923BD3BA900D2C799 /* Preview Assets.xcassets */ = {isa = PBXFileReference; lastKnownFileType = folder.assetcatalog; path = "Preview Assets.xcassets"; sourceTree = "<group>"; };
		AA43851C23BD3BA900D2C799 /* Base */ = {isa = PBXFileReference; lastKnownFileType = file.storyboard; name = Base; path = Base.lproj/LaunchScreen.storyboard; sourceTree = "<group>"; };
		AA43851E23BD3BA900D2C799 /* Info.plist */ = {isa = PBXFileReference; lastKnownFileType = text.plist.xml; path = Info.plist; sourceTree = "<group>"; };
		AA43852423BD3EC200D2C799 /* CustomAlignmentGuides.swift */ = {isa = PBXFileReference; lastKnownFileType = sourcecode.swift; path = CustomAlignmentGuides.swift; sourceTree = "<group>"; };
		AA43852723BD412900D2C799 /* AbsolutePositioning.swift */ = {isa = PBXFileReference; lastKnownFileType = sourcecode.swift; path = AbsolutePositioning.swift; sourceTree = "<group>"; };
		AA43852923BD42D100D2C799 /* CoordinateSpaces.swift */ = {isa = PBXFileReference; lastKnownFileType = sourcecode.swift; path = CoordinateSpaces.swift; sourceTree = "<group>"; };
		AA43852B23BD438C00D2C799 /* ScrollViewEffects.swift */ = {isa = PBXFileReference; lastKnownFileType = sourcecode.swift; path = ScrollViewEffects.swift; sourceTree = "<group>"; };
		AA43852D23BD448A00D2C799 /* CoverFlowEffectView.swift */ = {isa = PBXFileReference; lastKnownFileType = sourcecode.swift; path = CoverFlowEffectView.swift; sourceTree = "<group>"; };
/* End PBXFileReference section */

/* Begin PBXFrameworksBuildPhase section */
		AA43850A23BD3BA800D2C799 /* Frameworks */ = {
			isa = PBXFrameworksBuildPhase;
			buildActionMask = 2147483647;
			files = (
			);
			runOnlyForDeploymentPostprocessing = 0;
		};
/* End PBXFrameworksBuildPhase section */

/* Begin PBXGroup section */
		AA43850423BD3BA800D2C799 = {
			isa = PBXGroup;
			children = (
				AA43850F23BD3BA800D2C799 /* LayoutAndGeometry */,
				AA43850E23BD3BA800D2C799 /* Products */,
			);
			sourceTree = "<group>";
		};
		AA43850E23BD3BA800D2C799 /* Products */ = {
			isa = PBXGroup;
			children = (
				AA43850D23BD3BA800D2C799 /* LayoutAndGeometry.app */,
			);
			name = Products;
			sourceTree = "<group>";
		};
		AA43850F23BD3BA800D2C799 /* LayoutAndGeometry */ = {
			isa = PBXGroup;
			children = (
				AA43851023BD3BA800D2C799 /* AppDelegate.swift */,
				AA43851223BD3BA800D2C799 /* SceneDelegate.swift */,
				AA43851423BD3BA800D2C799 /* ContentView.swift */,
				AA43852423BD3EC200D2C799 /* CustomAlignmentGuides.swift */,
				AA43852723BD412900D2C799 /* AbsolutePositioning.swift */,
				AA43852923BD42D100D2C799 /* CoordinateSpaces.swift */,
				AA43852B23BD438C00D2C799 /* ScrollViewEffects.swift */,
				AA43852D23BD448A00D2C799 /* CoverFlowEffectView.swift */,
				AA43851623BD3BA900D2C799 /* Assets.xcassets */,
				AA43851B23BD3BA900D2C799 /* LaunchScreen.storyboard */,
				AA43851E23BD3BA900D2C799 /* Info.plist */,
				AA43851823BD3BA900D2C799 /* Preview Content */,
			);
			path = LayoutAndGeometry;
			sourceTree = "<group>";
		};
		AA43851823BD3BA900D2C799 /* Preview Content */ = {
			isa = PBXGroup;
			children = (
				AA43851923BD3BA900D2C799 /* Preview Assets.xcassets */,
			);
			path = "Preview Content";
			sourceTree = "<group>";
		};
/* End PBXGroup section */

/* Begin PBXNativeTarget section */
		AA43850C23BD3BA800D2C799 /* LayoutAndGeometry */ = {
			isa = PBXNativeTarget;
			buildConfigurationList = AA43852123BD3BA900D2C799 /* Build configuration list for PBXNativeTarget "LayoutAndGeometry" */;
			buildPhases = (
				AA43850923BD3BA800D2C799 /* Sources */,
				AA43850A23BD3BA800D2C799 /* Frameworks */,
				AA43850B23BD3BA800D2C799 /* Resources */,
			);
			buildRules = (
			);
			dependencies = (
			);
			name = LayoutAndGeometry;
			productName = LayoutAndGeometry;
			productReference = AA43850D23BD3BA800D2C799 /* LayoutAndGeometry.app */;
			productType = "com.apple.product-type.application";
		};
/* End PBXNativeTarget section */

/* Begin PBXProject section */
		AA43850523BD3BA800D2C799 /* Project object */ = {
			isa = PBXProject;
			attributes = {
				LastSwiftUpdateCheck = 1130;
				LastUpgradeCheck = 1130;
				ORGANIZATIONNAME = Mitteldorf;
				TargetAttributes = {
					AA43850C23BD3BA800D2C799 = {
						CreatedOnToolsVersion = 11.3;
					};
				};
			};
			buildConfigurationList = AA43850823BD3BA800D2C799 /* Build configuration list for PBXProject "LayoutAndGeometry" */;
			compatibilityVersion = "Xcode 9.3";
			developmentRegion = en;
			hasScannedForEncodings = 0;
			knownRegions = (
				en,
				Base,
			);
			mainGroup = AA43850423BD3BA800D2C799;
			productRefGroup = AA43850E23BD3BA800D2C799 /* Products */;
			projectDirPath = "";
			projectRoot = "";
			targets = (
				AA43850C23BD3BA800D2C799 /* LayoutAndGeometry */,
			);
		};
/* End PBXProject section */

/* Begin PBXResourcesBuildPhase section */
		AA43850B23BD3BA800D2C799 /* Resources */ = {
			isa = PBXResourcesBuildPhase;
			buildActionMask = 2147483647;
			files = (
				AA43851D23BD3BA900D2C799 /* LaunchScreen.storyboard in Resources */,
				AA43851A23BD3BA900D2C799 /* Preview Assets.xcassets in Resources */,
				AA43851723BD3BA900D2C799 /* Assets.xcassets in Resources */,
			);
			runOnlyForDeploymentPostprocessing = 0;
		};
/* End PBXResourcesBuildPhase section */

/* Begin PBXSourcesBuildPhase section */
		AA43850923BD3BA800D2C799 /* Sources */ = {
			isa = PBXSourcesBuildPhase;
			buildActionMask = 2147483647;
			files = (
				AA43851123BD3BA800D2C799 /* AppDelegate.swift in Sources */,
				AA43852C23BD438C00D2C799 /* ScrollViewEffects.swift in Sources */,
				AA43852623BD406200D2C799 /* CustomAlignmentGuides.swift in Sources */,
				AA43852E23BD448A00D2C799 /* CoverFlowEffectView.swift in Sources */,
				AA43852A23BD42D100D2C799 /* CoordinateSpaces.swift in Sources */,
				AA43852823BD412900D2C799 /* AbsolutePositioning.swift in Sources */,
				AA43851323BD3BA800D2C799 /* SceneDelegate.swift in Sources */,
				AA43851523BD3BA800D2C799 /* ContentView.swift in Sources */,
			);
			runOnlyForDeploymentPostprocessing = 0;
		};
/* End PBXSourcesBuildPhase section */

/* Begin PBXVariantGroup section */
		AA43851B23BD3BA900D2C799 /* LaunchScreen.storyboard */ = {
			isa = PBXVariantGroup;
			children = (
				AA43851C23BD3BA900D2C799 /* Base */,
			);
			name = LaunchScreen.storyboard;
			sourceTree = "<group>";
		};
/* End PBXVariantGroup section */

/* Begin XCBuildConfiguration section */
		AA43851F23BD3BA900D2C799 /* Debug */ = {
			isa = XCBuildConfiguration;
			buildSettings = {
				ALWAYS_SEARCH_USER_PATHS = NO;
				CLANG_ANALYZER_NONNULL = YES;
				CLANG_ANALYZER_NUMBER_OBJECT_CONVERSION = YES_AGGRESSIVE;
				CLANG_CXX_LANGUAGE_STANDARD = "gnu++14";
				CLANG_CXX_LIBRARY = "libc++";
				CLANG_ENABLE_MODULES = YES;
				CLANG_ENABLE_OBJC_ARC = YES;
				CLANG_ENABLE_OBJC_WEAK = YES;
				CLANG_WARN_BLOCK_CAPTURE_AUTORELEASING = YES;
				CLANG_WARN_BOOL_CONVERSION = YES;
				CLANG_WARN_COMMA = YES;
				CLANG_WARN_CONSTANT_CONVERSION = YES;
				CLANG_WARN_DEPRECATED_OBJC_IMPLEMENTATIONS = YES;
				CLANG_WARN_DIRECT_OBJC_ISA_USAGE = YES_ERROR;
				CLANG_WARN_DOCUMENTATION_COMMENTS = YES;
				CLANG_WARN_EMPTY_BODY = YES;
				CLANG_WARN_ENUM_CONVERSION = YES;
				CLANG_WARN_INFINITE_RECURSION = YES;
				CLANG_WARN_INT_CONVERSION = YES;
				CLANG_WARN_NON_LITERAL_NULL_CONVERSION = YES;
				CLANG_WARN_OBJC_IMPLICIT_RETAIN_SELF = YES;
				CLANG_WARN_OBJC_LITERAL_CONVERSION = YES;
				CLANG_WARN_OBJC_ROOT_CLASS = YES_ERROR;
				CLANG_WARN_RANGE_LOOP_ANALYSIS = YES;
				CLANG_WARN_STRICT_PROTOTYPES = YES;
				CLANG_WARN_SUSPICIOUS_MOVE = YES;
				CLANG_WARN_UNGUARDED_AVAILABILITY = YES_AGGRESSIVE;
				CLANG_WARN_UNREACHABLE_CODE = YES;
				CLANG_WARN__DUPLICATE_METHOD_MATCH = YES;
				COPY_PHASE_STRIP = NO;
				DEBUG_INFORMATION_FORMAT = dwarf;
				ENABLE_STRICT_OBJC_MSGSEND = YES;
				ENABLE_TESTABILITY = YES;
				GCC_C_LANGUAGE_STANDARD = gnu11;
				GCC_DYNAMIC_NO_PIC = NO;
				GCC_NO_COMMON_BLOCKS = YES;
				GCC_OPTIMIZATION_LEVEL = 0;
				GCC_PREPROCESSOR_DEFINITIONS = (
					"DEBUG=1",
					"$(inherited)",
				);
				GCC_WARN_64_TO_32_BIT_CONVERSION = YES;
				GCC_WARN_ABOUT_RETURN_TYPE = YES_ERROR;
				GCC_WARN_UNDECLARED_SELECTOR = YES;
				GCC_WARN_UNINITIALIZED_AUTOS = YES_AGGRESSIVE;
				GCC_WARN_UNUSED_FUNCTION = YES;
				GCC_WARN_UNUSED_VARIABLE = YES;
				IPHONEOS_DEPLOYMENT_TARGET = 13.2;
				MTL_ENABLE_DEBUG_INFO = INCLUDE_SOURCE;
				MTL_FAST_MATH = YES;
				ONLY_ACTIVE_ARCH = YES;
				SDKROOT = iphoneos;
				SWIFT_ACTIVE_COMPILATION_CONDITIONS = DEBUG;
				SWIFT_OPTIMIZATION_LEVEL = "-Onone";
			};
			name = Debug;
		};
		AA43852023BD3BA900D2C799 /* Release */ = {
			isa = XCBuildConfiguration;
			buildSettings = {
				ALWAYS_SEARCH_USER_PATHS = NO;
				CLANG_ANALYZER_NONNULL = YES;
				CLANG_ANALYZER_NUMBER_OBJECT_CONVERSION = YES_AGGRESSIVE;
				CLANG_CXX_LANGUAGE_STANDARD = "gnu++14";
				CLANG_CXX_LIBRARY = "libc++";
				CLANG_ENABLE_MODULES = YES;
				CLANG_ENABLE_OBJC_ARC = YES;
				CLANG_ENABLE_OBJC_WEAK = YES;
				CLANG_WARN_BLOCK_CAPTURE_AUTORELEASING = YES;
				CLANG_WARN_BOOL_CONVERSION = YES;
				CLANG_WARN_COMMA = YES;
				CLANG_WARN_CONSTANT_CONVERSION = YES;
				CLANG_WARN_DEPRECATED_OBJC_IMPLEMENTATIONS = YES;
				CLANG_WARN_DIRECT_OBJC_ISA_USAGE = YES_ERROR;
				CLANG_WARN_DOCUMENTATION_COMMENTS = YES;
				CLANG_WARN_EMPTY_BODY = YES;
				CLANG_WARN_ENUM_CONVERSION = YES;
				CLANG_WARN_INFINITE_RECURSION = YES;
				CLANG_WARN_INT_CONVERSION = YES;
				CLANG_WARN_NON_LITERAL_NULL_CONVERSION = YES;
				CLANG_WARN_OBJC_IMPLICIT_RETAIN_SELF = YES;
				CLANG_WARN_OBJC_LITERAL_CONVERSION = YES;
				CLANG_WARN_OBJC_ROOT_CLASS = YES_ERROR;
				CLANG_WARN_RANGE_LOOP_ANALYSIS = YES;
				CLANG_WARN_STRICT_PROTOTYPES = YES;
				CLANG_WARN_SUSPICIOUS_MOVE = YES;
				CLANG_WARN_UNGUARDED_AVAILABILITY = YES_AGGRESSIVE;
				CLANG_WARN_UNREACHABLE_CODE = YES;
				CLANG_WARN__DUPLICATE_METHOD_MATCH = YES;
				COPY_PHASE_STRIP = NO;
				DEBUG_INFORMATION_FORMAT = "dwarf-with-dsym";
				ENABLE_NS_ASSERTIONS = NO;
				ENABLE_STRICT_OBJC_MSGSEND = YES;
				GCC_C_LANGUAGE_STANDARD = gnu11;
				GCC_NO_COMMON_BLOCKS = YES;
				GCC_WARN_64_TO_32_BIT_CONVERSION = YES;
				GCC_WARN_ABOUT_RETURN_TYPE = YES_ERROR;
				GCC_WARN_UNDECLARED_SELECTOR = YES;
				GCC_WARN_UNINITIALIZED_AUTOS = YES_AGGRESSIVE;
				GCC_WARN_UNUSED_FUNCTION = YES;
				GCC_WARN_UNUSED_VARIABLE = YES;
				IPHONEOS_DEPLOYMENT_TARGET = 13.2;
				MTL_ENABLE_DEBUG_INFO = NO;
				MTL_FAST_MATH = YES;
				SDKROOT = iphoneos;
				SWIFT_COMPILATION_MODE = wholemodule;
				SWIFT_OPTIMIZATION_LEVEL = "-O";
				VALIDATE_PRODUCT = YES;
			};
			name = Release;
		};
		AA43852223BD3BA900D2C799 /* Debug */ = {
			isa = XCBuildConfiguration;
			buildSettings = {
				ASSETCATALOG_COMPILER_APPICON_NAME = AppIcon;
				CODE_SIGN_STYLE = Automatic;
				DEVELOPMENT_ASSET_PATHS = "\"LayoutAndGeometry/Preview Content\"";
				ENABLE_PREVIEWS = YES;
				INFOPLIST_FILE = LayoutAndGeometry/Info.plist;
				LD_RUNPATH_SEARCH_PATHS = (
					"$(inherited)",
					"@executable_path/Frameworks",
				);
				PRODUCT_BUNDLE_IDENTIFIER = dk.mitteldorf.LayoutAndGeometry;
				PRODUCT_NAME = "$(TARGET_NAME)";
				SWIFT_VERSION = 5.0;
				TARGETED_DEVICE_FAMILY = "1,2";
			};
			name = Debug;
		};
		AA43852323BD3BA900D2C799 /* Release */ = {
			isa = XCBuildConfiguration;
			buildSettings = {
				ASSETCATALOG_COMPILER_APPICON_NAME = AppIcon;
				CODE_SIGN_STYLE = Automatic;
				DEVELOPMENT_ASSET_PATHS = "\"LayoutAndGeometry/Preview Content\"";
				ENABLE_PREVIEWS = YES;
				INFOPLIST_FILE = LayoutAndGeometry/Info.plist;
				LD_RUNPATH_SEARCH_PATHS = (
					"$(inherited)",
					"@executable_path/Frameworks",
				);
				PRODUCT_BUNDLE_IDENTIFIER = dk.mitteldorf.LayoutAndGeometry;
				PRODUCT_NAME = "$(TARGET_NAME)";
				SWIFT_VERSION = 5.0;
				TARGETED_DEVICE_FAMILY = "1,2";
			};
			name = Release;
		};
/* End XCBuildConfiguration section */

/* Begin XCConfigurationList section */
		AA43850823BD3BA800D2C799 /* Build configuration list for PBXProject "LayoutAndGeometry" */ = {
			isa = XCConfigurationList;
			buildConfigurations = (
				AA43851F23BD3BA900D2C799 /* Debug */,
				AA43852023BD3BA900D2C799 /* Release */,
			);
			defaultConfigurationIsVisible = 0;
			defaultConfigurationName = Release;
		};
		AA43852123BD3BA900D2C799 /* Build configuration list for PBXNativeTarget "LayoutAndGeometry" */ = {
			isa = XCConfigurationList;
			buildConfigurations = (
				AA43852223BD3BA900D2C799 /* Debug */,
				AA43852323BD3BA900D2C799 /* Release */,
			);
			defaultConfigurationIsVisible = 0;
			defaultConfigurationName = Release;
		};
/* End XCConfigurationList section */
	};
	rootObject = AA43850523BD3BA800D2C799 /* Project object */;
}
