// !$*UTF8*$!
{
	archiveVersion = 1;
	classes = {
	};
	objectVersion = 50;
	objects = {

/* Begin PBXBuildFile section */
		AA84748F23898BC600B23520 /* AppDelegate.swift in Sources */ = {isa = PBXBuildFile; fileRef = AA84748E23898BC600B23520 /* AppDelegate.swift */; };
		AA84749123898BC600B23520 /* SceneDelegate.swift in Sources */ = {isa = PBXBuildFile; fileRef = AA84749023898BC600B23520 /* SceneDelegate.swift */; };
		AA84749423898BC600B23520 /* Bookworm.xcdatamodeld in Sources */ = {isa = PBXBuildFile; fileRef = AA84749223898BC600B23520 /* Bookworm.xcdatamodeld */; };
		AA84749623898BC600B23520 /* ContentView.swift in Sources */ = {isa = PBXBuildFile; fileRef = AA84749523898BC600B23520 /* ContentView.swift */; };
		AA84749823898BC900B23520 /* Assets.xcassets in Resources */ = {isa = PBXBuildFile; fileRef = AA84749723898BC900B23520 /* Assets.xcassets */; };
		AA84749B23898BC900B23520 /* Preview Assets.xcassets in Resources */ = {isa = PBXBuildFile; fileRef = AA84749A23898BC900B23520 /* Preview Assets.xcassets */; };
		AA84749E23898BC900B23520 /* LaunchScreen.storyboard in Resources */ = {isa = PBXBuildFile; fileRef = AA84749C23898BC900B23520 /* LaunchScreen.storyboard */; };
		AA8474A62389926500B23520 /* AddBookView.swift in Sources */ = {isa = PBXBuildFile; fileRef = AA8474A52389926500B23520 /* AddBookView.swift */; };
		AA8474A8238996E800B23520 /* RatingView.swift in Sources */ = {isa = PBXBuildFile; fileRef = AA8474A7238996E800B23520 /* RatingView.swift */; };
		AA8474AA238998B500B23520 /* EmojiRatingView.swift in Sources */ = {isa = PBXBuildFile; fileRef = AA8474A9238998B500B23520 /* EmojiRatingView.swift */; };
		AA8474AC23899C1700B23520 /* DetailView.swift in Sources */ = {isa = PBXBuildFile; fileRef = AA8474AB23899C1700B23520 /* DetailView.swift */; };
/* End PBXBuildFile section */

/* Begin PBXFileReference section */
		AA84748B23898BC600B23520 /* Bookworm.app */ = {isa = PBXFileReference; explicitFileType = wrapper.application; includeInIndex = 0; path = Bookworm.app; sourceTree = BUILT_PRODUCTS_DIR; };
		AA84748E23898BC600B23520 /* AppDelegate.swift */ = {isa = PBXFileReference; lastKnownFileType = sourcecode.swift; path = AppDelegate.swift; sourceTree = "<group>"; };
		AA84749023898BC600B23520 /* SceneDelegate.swift */ = {isa = PBXFileReference; lastKnownFileType = sourcecode.swift; path = SceneDelegate.swift; sourceTree = "<group>"; };
		AA84749323898BC600B23520 /* Bookworm.xcdatamodel */ = {isa = PBXFileReference; lastKnownFileType = wrapper.xcdatamodel; path = Bookworm.xcdatamodel; sourceTree = "<group>"; };
		AA84749523898BC600B23520 /* ContentView.swift */ = {isa = PBXFileReference; lastKnownFileType = sourcecode.swift; path = ContentView.swift; sourceTree = "<group>"; };
		AA84749723898BC900B23520 /* Assets.xcassets */ = {isa = PBXFileReference; lastKnownFileType = folder.assetcatalog; path = Assets.xcassets; sourceTree = "<group>"; };
		AA84749A23898BC900B23520 /* Preview Assets.xcassets */ = {isa = PBXFileReference; lastKnownFileType = folder.assetcatalog; path = "Preview Assets.xcassets"; sourceTree = "<group>"; };
		AA84749D23898BC900B23520 /* Base */ = {isa = PBXFileReference; lastKnownFileType = file.storyboard; name = Base; path = Base.lproj/LaunchScreen.storyboard; sourceTree = "<group>"; };
		AA84749F23898BC900B23520 /* Info.plist */ = {isa = PBXFileReference; lastKnownFileType = text.plist.xml; path = Info.plist; sourceTree = "<group>"; };
		AA8474A52389926500B23520 /* AddBookView.swift */ = {isa = PBXFileReference; lastKnownFileType = sourcecode.swift; path = AddBookView.swift; sourceTree = "<group>"; };
		AA8474A7238996E800B23520 /* RatingView.swift */ = {isa = PBXFileReference; lastKnownFileType = sourcecode.swift; path = RatingView.swift; sourceTree = "<group>"; };
		AA8474A9238998B500B23520 /* EmojiRatingView.swift */ = {isa = PBXFileReference; lastKnownFileType = sourcecode.swift; path = EmojiRatingView.swift; sourceTree = "<group>"; };
		AA8474AB23899C1700B23520 /* DetailView.swift */ = {isa = PBXFileReference; lastKnownFileType = sourcecode.swift; path = DetailView.swift; sourceTree = "<group>"; };
/* End PBXFileReference section */

/* Begin PBXFrameworksBuildPhase section */
		AA84748823898BC600B23520 /* Frameworks */ = {
			isa = PBXFrameworksBuildPhase;
			buildActionMask = 2147483647;
			files = (
			);
			runOnlyForDeploymentPostprocessing = 0;
		};
/* End PBXFrameworksBuildPhase section */

/* Begin PBXGroup section */
		AA84748223898BC600B23520 = {
			isa = PBXGroup;
			children = (
				AA84748D23898BC600B23520 /* Bookworm */,
				AA84748C23898BC600B23520 /* Products */,
			);
			sourceTree = "<group>";
		};
		AA84748C23898BC600B23520 /* Products */ = {
			isa = PBXGroup;
			children = (
				AA84748B23898BC600B23520 /* Bookworm.app */,
			);
			name = Products;
			sourceTree = "<group>";
		};
		AA84748D23898BC600B23520 /* Bookworm */ = {
			isa = PBXGroup;
			children = (
				AA84748E23898BC600B23520 /* AppDelegate.swift */,
				AA84749023898BC600B23520 /* SceneDelegate.swift */,
				AA84749523898BC600B23520 /* ContentView.swift */,
				AA8474AB23899C1700B23520 /* DetailView.swift */,
				AA8474A9238998B500B23520 /* EmojiRatingView.swift */,
				AA8474A52389926500B23520 /* AddBookView.swift */,
				AA8474A7238996E800B23520 /* RatingView.swift */,
				AA84749723898BC900B23520 /* Assets.xcassets */,
				AA84749C23898BC900B23520 /* LaunchScreen.storyboard */,
				AA84749F23898BC900B23520 /* Info.plist */,
				AA84749223898BC600B23520 /* Bookworm.xcdatamodeld */,
				AA84749923898BC900B23520 /* Preview Content */,
			);
			path = Bookworm;
			sourceTree = "<group>";
		};
		AA84749923898BC900B23520 /* Preview Content */ = {
			isa = PBXGroup;
			children = (
				AA84749A23898BC900B23520 /* Preview Assets.xcassets */,
			);
			path = "Preview Content";
			sourceTree = "<group>";
		};
/* End PBXGroup section */

/* Begin PBXNativeTarget section */
		AA84748A23898BC600B23520 /* Bookworm */ = {
			isa = PBXNativeTarget;
			buildConfigurationList = AA8474A223898BC900B23520 /* Build configuration list for PBXNativeTarget "Bookworm" */;
			buildPhases = (
				AA84748723898BC600B23520 /* Sources */,
				AA84748823898BC600B23520 /* Frameworks */,
				AA84748923898BC600B23520 /* Resources */,
			);
			buildRules = (
			);
			dependencies = (
			);
			name = Bookworm;
			productName = Bookworm;
			productReference = AA84748B23898BC600B23520 /* Bookworm.app */;
			productType = "com.apple.product-type.application";
		};
/* End PBXNativeTarget section */

/* Begin PBXProject section */
		AA84748323898BC600B23520 /* Project object */ = {
			isa = PBXProject;
			attributes = {
				LastSwiftUpdateCheck = 1130;
				LastUpgradeCheck = 1130;
				ORGANIZATIONNAME = Mitteldorf;
				TargetAttributes = {
					AA84748A23898BC600B23520 = {
						CreatedOnToolsVersion = 11.3;
					};
				};
			};
			buildConfigurationList = AA84748623898BC600B23520 /* Build configuration list for PBXProject "Bookworm" */;
			compatibilityVersion = "Xcode 9.3";
			developmentRegion = en;
			hasScannedForEncodings = 0;
			knownRegions = (
				en,
				Base,
			);
			mainGroup = AA84748223898BC600B23520;
			productRefGroup = AA84748C23898BC600B23520 /* Products */;
			projectDirPath = "";
			projectRoot = "";
			targets = (
				AA84748A23898BC600B23520 /* Bookworm */,
			);
		};
/* End PBXProject section */

/* Begin PBXResourcesBuildPhase section */
		AA84748923898BC600B23520 /* Resources */ = {
			isa = PBXResourcesBuildPhase;
			buildActionMask = 2147483647;
			files = (
				AA84749E23898BC900B23520 /* LaunchScreen.storyboard in Resources */,
				AA84749B23898BC900B23520 /* Preview Assets.xcassets in Resources */,
				AA84749823898BC900B23520 /* Assets.xcassets in Resources */,
			);
			runOnlyForDeploymentPostprocessing = 0;
		};
/* End PBXResourcesBuildPhase section */

/* Begin PBXSourcesBuildPhase section */
		AA84748723898BC600B23520 /* Sources */ = {
			isa = PBXSourcesBuildPhase;
			buildActionMask = 2147483647;
			files = (
				AA84748F23898BC600B23520 /* AppDelegate.swift in Sources */,
				AA8474AC23899C1700B23520 /* DetailView.swift in Sources */,
				AA84749423898BC600B23520 /* Bookworm.xcdatamodeld in Sources */,
				AA8474AA238998B500B23520 /* EmojiRatingView.swift in Sources */,
				AA84749623898BC600B23520 /* ContentView.swift in Sources */,
				AA8474A8238996E800B23520 /* RatingView.swift in Sources */,
				AA84749123898BC600B23520 /* SceneDelegate.swift in Sources */,
				AA8474A62389926500B23520 /* AddBookView.swift in Sources */,
			);
			runOnlyForDeploymentPostprocessing = 0;
		};
/* End PBXSourcesBuildPhase section */

/* Begin PBXVariantGroup section */
		AA84749C23898BC900B23520 /* LaunchScreen.storyboard */ = {
			isa = PBXVariantGroup;
			children = (
				AA84749D23898BC900B23520 /* Base */,
			);
			name = LaunchScreen.storyboard;
			sourceTree = "<group>";
		};
/* End PBXVariantGroup section */

/* Begin XCBuildConfiguration section */
		AA8474A023898BC900B23520 /* Debug */ = {
			isa = XCBuildConfiguration;
			buildSettings = {
				ALWAYS_SEARCH_USER_PATHS = NO;
				CLANG_ANALYZER_NONNULL = YES;
				CLANG_ANALYZER_NUMBER_OBJECT_CONVERSION = YES_AGGRESSIVE;
				CLANG_CXX_LANGUAGE_STANDARD = "gnu++14";
				CLANG_CXX_LIBRARY = "libc++";
				CLANG_ENABLE_MODULES = YES;
				CLANG_ENABLE_OBJC_ARC = YES;
				CLANG_ENABLE_OBJC_WEAK = YES;
				CLANG_WARN_BLOCK_CAPTURE_AUTORELEASING = YES;
				CLANG_WARN_BOOL_CONVERSION = YES;
				CLANG_WARN_COMMA = YES;
				CLANG_WARN_CONSTANT_CONVERSION = YES;
				CLANG_WARN_DEPRECATED_OBJC_IMPLEMENTATIONS = YES;
				CLANG_WARN_DIRECT_OBJC_ISA_USAGE = YES_ERROR;
				CLANG_WARN_DOCUMENTATION_COMMENTS = YES;
				CLANG_WARN_EMPTY_BODY = YES;
				CLANG_WARN_ENUM_CONVERSION = YES;
				CLANG_WARN_INFINITE_RECURSION = YES;
				CLANG_WARN_INT_CONVERSION = YES;
				CLANG_WARN_NON_LITERAL_NULL_CONVERSION = YES;
				CLANG_WARN_OBJC_IMPLICIT_RETAIN_SELF = YES;
				CLANG_WARN_OBJC_LITERAL_CONVERSION = YES;
				CLANG_WARN_OBJC_ROOT_CLASS = YES_ERROR;
				CLANG_WARN_RANGE_LOOP_ANALYSIS = YES;
				CLANG_WARN_STRICT_PROTOTYPES = YES;
				CLANG_WARN_SUSPICIOUS_MOVE = YES;
				CLANG_WARN_UNGUARDED_AVAILABILITY = YES_AGGRESSIVE;
				CLANG_WARN_UNREACHABLE_CODE = YES;
				CLANG_WARN__DUPLICATE_METHOD_MATCH = YES;
				COPY_PHASE_STRIP = NO;
				DEBUG_INFORMATION_FORMAT = dwarf;
				ENABLE_STRICT_OBJC_MSGSEND = YES;
				ENABLE_TESTABILITY = YES;
				GCC_C_LANGUAGE_STANDARD = gnu11;
				GCC_DYNAMIC_NO_PIC = NO;
				GCC_NO_COMMON_BLOCKS = YES;
				GCC_OPTIMIZATION_LEVEL = 0;
				GCC_PREPROCESSOR_DEFINITIONS = (
					"DEBUG=1",
					"$(inherited)",
				);
				GCC_WARN_64_TO_32_BIT_CONVERSION = YES;
				GCC_WARN_ABOUT_RETURN_TYPE = YES_ERROR;
				GCC_WARN_UNDECLARED_SELECTOR = YES;
				GCC_WARN_UNINITIALIZED_AUTOS = YES_AGGRESSIVE;
				GCC_WARN_UNUSED_FUNCTION = YES;
				GCC_WARN_UNUSED_VARIABLE = YES;
				IPHONEOS_DEPLOYMENT_TARGET = 13.2;
				MTL_ENABLE_DEBUG_INFO = INCLUDE_SOURCE;
				MTL_FAST_MATH = YES;
				ONLY_ACTIVE_ARCH = YES;
				SDKROOT = iphoneos;
				SWIFT_ACTIVE_COMPILATION_CONDITIONS = DEBUG;
				SWIFT_OPTIMIZATION_LEVEL = "-Onone";
			};
			name = Debug;
		};
		AA8474A123898BC900B23520 /* Release */ = {
			isa = XCBuildConfiguration;
			buildSettings = {
				ALWAYS_SEARCH_USER_PATHS = NO;
				CLANG_ANALYZER_NONNULL = YES;
				CLANG_ANALYZER_NUMBER_OBJECT_CONVERSION = YES_AGGRESSIVE;
				CLANG_CXX_LANGUAGE_STANDARD = "gnu++14";
				CLANG_CXX_LIBRARY = "libc++";
				CLANG_ENABLE_MODULES = YES;
				CLANG_ENABLE_OBJC_ARC = YES;
				CLANG_ENABLE_OBJC_WEAK = YES;
				CLANG_WARN_BLOCK_CAPTURE_AUTORELEASING = YES;
				CLANG_WARN_BOOL_CONVERSION = YES;
				CLANG_WARN_COMMA = YES;
				CLANG_WARN_CONSTANT_CONVERSION = YES;
				CLANG_WARN_DEPRECATED_OBJC_IMPLEMENTATIONS = YES;
				CLANG_WARN_DIRECT_OBJC_ISA_USAGE = YES_ERROR;
				CLANG_WARN_DOCUMENTATION_COMMENTS = YES;
				CLANG_WARN_EMPTY_BODY = YES;
				CLANG_WARN_ENUM_CONVERSION = YES;
				CLANG_WARN_INFINITE_RECURSION = YES;
				CLANG_WARN_INT_CONVERSION = YES;
				CLANG_WARN_NON_LITERAL_NULL_CONVERSION = YES;
				CLANG_WARN_OBJC_IMPLICIT_RETAIN_SELF = YES;
				CLANG_WARN_OBJC_LITERAL_CONVERSION = YES;
				CLANG_WARN_OBJC_ROOT_CLASS = YES_ERROR;
				CLANG_WARN_RANGE_LOOP_ANALYSIS = YES;
				CLANG_WARN_STRICT_PROTOTYPES = YES;
				CLANG_WARN_SUSPICIOUS_MOVE = YES;
				CLANG_WARN_UNGUARDED_AVAILABILITY = YES_AGGRESSIVE;
				CLANG_WARN_UNREACHABLE_CODE = YES;
				CLANG_WARN__DUPLICATE_METHOD_MATCH = YES;
				COPY_PHASE_STRIP = NO;
				DEBUG_INFORMATION_FORMAT = "dwarf-with-dsym";
				ENABLE_NS_ASSERTIONS = NO;
				ENABLE_STRICT_OBJC_MSGSEND = YES;
				GCC_C_LANGUAGE_STANDARD = gnu11;
				GCC_NO_COMMON_BLOCKS = YES;
				GCC_WARN_64_TO_32_BIT_CONVERSION = YES;
				GCC_WARN_ABOUT_RETURN_TYPE = YES_ERROR;
				GCC_WARN_UNDECLARED_SELECTOR = YES;
				GCC_WARN_UNINITIALIZED_AUTOS = YES_AGGRESSIVE;
				GCC_WARN_UNUSED_FUNCTION = YES;
				GCC_WARN_UNUSED_VARIABLE = YES;
				IPHONEOS_DEPLOYMENT_TARGET = 13.2;
				MTL_ENABLE_DEBUG_INFO = NO;
				MTL_FAST_MATH = YES;
				SDKROOT = iphoneos;
				SWIFT_COMPILATION_MODE = wholemodule;
				SWIFT_OPTIMIZATION_LEVEL = "-O";
				VALIDATE_PRODUCT = YES;
			};
			name = Release;
		};
		AA8474A323898BC900B23520 /* Debug */ = {
			isa = XCBuildConfiguration;
			buildSettings = {
				ASSETCATALOG_COMPILER_APPICON_NAME = AppIcon;
				CODE_SIGN_STYLE = Automatic;
				DEVELOPMENT_ASSET_PATHS = "\"Bookworm/Preview Content\"";
				ENABLE_PREVIEWS = YES;
				INFOPLIST_FILE = Bookworm/Info.plist;
				LD_RUNPATH_SEARCH_PATHS = (
					"$(inherited)",
					"@executable_path/Frameworks",
				);
				PRODUCT_BUNDLE_IDENTIFIER = dk.mitteldorf.Bookworm;
				PRODUCT_NAME = "$(TARGET_NAME)";
				SWIFT_VERSION = 5.0;
				TARGETED_DEVICE_FAMILY = "1,2";
			};
			name = Debug;
		};
		AA8474A423898BC900B23520 /* Release */ = {
			isa = XCBuildConfiguration;
			buildSettings = {
				ASSETCATALOG_COMPILER_APPICON_NAME = AppIcon;
				CODE_SIGN_STYLE = Automatic;
				DEVELOPMENT_ASSET_PATHS = "\"Bookworm/Preview Content\"";
				ENABLE_PREVIEWS = YES;
				INFOPLIST_FILE = Bookworm/Info.plist;
				LD_RUNPATH_SEARCH_PATHS = (
					"$(inherited)",
					"@executable_path/Frameworks",
				);
				PRODUCT_BUNDLE_IDENTIFIER = dk.mitteldorf.Bookworm;
				PRODUCT_NAME = "$(TARGET_NAME)";
				SWIFT_VERSION = 5.0;
				TARGETED_DEVICE_FAMILY = "1,2";
			};
			name = Release;
		};
/* End XCBuildConfiguration section */

/* Begin XCConfigurationList section */
		AA84748623898BC600B23520 /* Build configuration list for PBXProject "Bookworm" */ = {
			isa = XCConfigurationList;
			buildConfigurations = (
				AA8474A023898BC900B23520 /* Debug */,
				AA8474A123898BC900B23520 /* Release */,
			);
			defaultConfigurationIsVisible = 0;
			defaultConfigurationName = Release;
		};
		AA8474A223898BC900B23520 /* Build configuration list for PBXNativeTarget "Bookworm" */ = {
			isa = XCConfigurationList;
			buildConfigurations = (
				AA8474A323898BC900B23520 /* Debug */,
				AA8474A423898BC900B23520 /* Release */,
			);
			defaultConfigurationIsVisible = 0;
			defaultConfigurationName = Release;
		};
/* End XCConfigurationList section */

/* Begin XCVersionGroup section */
		AA84749223898BC600B23520 /* Bookworm.xcdatamodeld */ = {
			isa = XCVersionGroup;
			children = (
				AA84749323898BC600B23520 /* Bookworm.xcdatamodel */,
			);
			currentVersion = AA84749323898BC600B23520 /* Bookworm.xcdatamodel */;
			path = Bookworm.xcdatamodeld;
			sourceTree = "<group>";
			versionGroupType = wrapper.xcdatamodel;
		};
/* End XCVersionGroup section */
	};
	rootObject = AA84748323898BC600B23520 /* Project object */;
}
